
Microsoft Visual Studio Solution File, Format Version 12.00
# Visual Studio 15
VisualStudioVersion = 15.0.28307.271
MinimumVisualStudioVersion = 10.0.40219.1
Project("{FAE04EC0-301F-11D3-BF4B-00C04F79EFBC}") = "TheosLivraria", "TheosLivraria\TheosLivraria.csproj", "{0D06F077-821A-48F1-9709-9255B99F4544}"
EndProject
Global
	GlobalSection(SolutionConfigurationPlatforms) = preSolution
		Debug|Any CPU = Debug|Any CPU
		Release|Any CPU = Release|Any CPU
	EndGlobalSection
	GlobalSection(ProjectConfigurationPlatforms) = postSolution
		{0D06F077-821A-48F1-9709-9255B99F4544}.Debug|Any CPU.ActiveCfg = Debug|Any CPU
		{0D06F077-821A-48F1-9709-9255B99F4544}.Debug|Any CPU.Build.0 = Debug|Any CPU
		{0D06F077-821A-48F1-9709-9255B99F4544}.Release|Any CPU.ActiveCfg = Release|Any CPU
		{0D06F077-821A-48F1-9709-9255B99F4544}.Release|Any CPU.Build.0 = Release|Any CPU
	EndGlobalSection
	GlobalSection(SolutionProperties) = preSolution
		HideSolutionNode = FALSE
	EndGlobalSection
	GlobalSection(ExtensibilityGlobals) = postSolution
		SolutionGuid = {10968218-B2E5-4C2E-8E0B-9AB6304F433E}
	EndGlobalSection
EndGlobal
