
Microsoft Visual Studio Solution File, Format Version 12.00
# Visual Studio 15
VisualStudioVersion = 15.0.27703.2000
MinimumVisualStudioVersion = 10.0.40219.1
Project("{2150E333-8FDC-42A3-9474-1A3956D46DE8}") = "Application", "Application", "{1A3416F7-DD80-47E1-8488-B895B687177F}"
EndProject
Project("{2150E333-8FDC-42A3-9474-1A3956D46DE8}") = "Infrastructure", "Infrastructure", "{2EFF3E12-D4C6-4634-8CEF-8D13E7638186}"
EndProject
Project("{2150E333-8FDC-42A3-9474-1A3956D46DE8}") = "Domain", "Domain", "{E2D7FBDF-155D-407D-9D16-14BAC78C757E}"
EndProject
Project("{2150E333-8FDC-42A3-9474-1A3956D46DE8}") = "Api", "Api", "{C07B9F8C-C1CA-4706-9A52-C89648E339DB}"
EndProject
Project("{2150E333-8FDC-42A3-9474-1A3956D46DE8}") = "Persistence", "Persistence", "{2211A0DF-BF0C-49A0-BC05-5752660B5FEE}"
EndProject
Project("{2150E333-8FDC-42A3-9474-1A3956D46DE8}") = "CrossCutting", "CrossCutting", "{21B68460-B30D-4EB1-8907-59C0D2248DE9}"
EndProject
Project("{9A19103F-16F7-4668-BE54-9A1E7A4F7556}") = "LC.Domain", "LC.Domain\LC.Domain.csproj", "{74449D7A-E46C-43EF-B985-A1B8FF82F5F4}"
EndProject
Project("{9A19103F-16F7-4668-BE54-9A1E7A4F7556}") = "LC.Persistence", "LC.Persistence\LC.Persistence.csproj", "{CC39293B-2A9D-416C-A6E5-B12BB9CB63CE}"
EndProject
Project("{9A19103F-16F7-4668-BE54-9A1E7A4F7556}") = "LC.Infrastruture", "LC.Infrastruture\LC.Infrastruture.csproj", "{A5F395D8-2581-4E61-A9C4-2452CF142308}"
EndProject
Project("{9A19103F-16F7-4668-BE54-9A1E7A4F7556}") = "LC.Api", "LC.Api\LC.Api.csproj", "{5BAE78A2-EB55-4E95-BF7E-354705C516E5}"
EndProject
Project("{9A19103F-16F7-4668-BE54-9A1E7A4F7556}") = "LC.Enum", "LC.Enum\LC.Enum.csproj", "{6F4EFFEB-E7F7-4AC2-A8E2-E32E787BCF46}"
EndProject
Project("{9A19103F-16F7-4668-BE54-9A1E7A4F7556}") = "LC.Messages", "LC.Messages\LC.Messages.csproj", "{9EB38943-BC3D-459E-8E82-8453FFDBA38F}"
EndProject
Project("{9A19103F-16F7-4668-BE54-9A1E7A4F7556}") = "LC.Aplication.Book", "LC.Application\LC.Aplication.Book\LC.Aplication.Book.csproj", "{15B4EA86-D1DE-49E4-A1A1-EA053B7381FF}"
EndProject
Project("{FAE04EC0-301F-11D3-BF4B-00C04F79EFBC}") = "LC.Commons", "LC.Commons\LC.Commons.csproj", "{40C2E358-2983-46FB-9532-F7CEEAE00D92}"
EndProject
Project("{2150E333-8FDC-42A3-9474-1A3956D46DE8}") = "Solution Items", "Solution Items", "{664CBA74-4F1A-480C-A869-34ADBF1E4A08}"
	ProjectSection(SolutionItems) = preProject
		gitignore.txt = gitignore.txt
	EndProjectSection
EndProject
Global
	GlobalSection(SolutionConfigurationPlatforms) = preSolution
		Debug|Any CPU = Debug|Any CPU
		Release|Any CPU = Release|Any CPU
	EndGlobalSection
	GlobalSection(ProjectConfigurationPlatforms) = postSolution
		{74449D7A-E46C-43EF-B985-A1B8FF82F5F4}.Debug|Any CPU.ActiveCfg = Debug|Any CPU
		{74449D7A-E46C-43EF-B985-A1B8FF82F5F4}.Debug|Any CPU.Build.0 = Debug|Any CPU
		{74449D7A-E46C-43EF-B985-A1B8FF82F5F4}.Release|Any CPU.ActiveCfg = Release|Any CPU
		{74449D7A-E46C-43EF-B985-A1B8FF82F5F4}.Release|Any CPU.Build.0 = Release|Any CPU
		{CC39293B-2A9D-416C-A6E5-B12BB9CB63CE}.Debug|Any CPU.ActiveCfg = Debug|Any CPU
		{CC39293B-2A9D-416C-A6E5-B12BB9CB63CE}.Debug|Any CPU.Build.0 = Debug|Any CPU
		{CC39293B-2A9D-416C-A6E5-B12BB9CB63CE}.Release|Any CPU.ActiveCfg = Release|Any CPU
		{CC39293B-2A9D-416C-A6E5-B12BB9CB63CE}.Release|Any CPU.Build.0 = Release|Any CPU
		{A5F395D8-2581-4E61-A9C4-2452CF142308}.Debug|Any CPU.ActiveCfg = Debug|Any CPU
		{A5F395D8-2581-4E61-A9C4-2452CF142308}.Debug|Any CPU.Build.0 = Debug|Any CPU
		{A5F395D8-2581-4E61-A9C4-2452CF142308}.Release|Any CPU.ActiveCfg = Release|Any CPU
		{A5F395D8-2581-4E61-A9C4-2452CF142308}.Release|Any CPU.Build.0 = Release|Any CPU
		{5BAE78A2-EB55-4E95-BF7E-354705C516E5}.Debug|Any CPU.ActiveCfg = Debug|Any CPU
		{5BAE78A2-EB55-4E95-BF7E-354705C516E5}.Debug|Any CPU.Build.0 = Debug|Any CPU
		{5BAE78A2-EB55-4E95-BF7E-354705C516E5}.Release|Any CPU.ActiveCfg = Release|Any CPU
		{5BAE78A2-EB55-4E95-BF7E-354705C516E5}.Release|Any CPU.Build.0 = Release|Any CPU
		{6F4EFFEB-E7F7-4AC2-A8E2-E32E787BCF46}.Debug|Any CPU.ActiveCfg = Debug|Any CPU
		{6F4EFFEB-E7F7-4AC2-A8E2-E32E787BCF46}.Debug|Any CPU.Build.0 = Debug|Any CPU
		{6F4EFFEB-E7F7-4AC2-A8E2-E32E787BCF46}.Release|Any CPU.ActiveCfg = Release|Any CPU
		{6F4EFFEB-E7F7-4AC2-A8E2-E32E787BCF46}.Release|Any CPU.Build.0 = Release|Any CPU
		{9EB38943-BC3D-459E-8E82-8453FFDBA38F}.Debug|Any CPU.ActiveCfg = Debug|Any CPU
		{9EB38943-BC3D-459E-8E82-8453FFDBA38F}.Debug|Any CPU.Build.0 = Debug|Any CPU
		{9EB38943-BC3D-459E-8E82-8453FFDBA38F}.Release|Any CPU.ActiveCfg = Release|Any CPU
		{9EB38943-BC3D-459E-8E82-8453FFDBA38F}.Release|Any CPU.Build.0 = Release|Any CPU
		{15B4EA86-D1DE-49E4-A1A1-EA053B7381FF}.Debug|Any CPU.ActiveCfg = Debug|Any CPU
		{15B4EA86-D1DE-49E4-A1A1-EA053B7381FF}.Debug|Any CPU.Build.0 = Debug|Any CPU
		{15B4EA86-D1DE-49E4-A1A1-EA053B7381FF}.Release|Any CPU.ActiveCfg = Release|Any CPU
		{15B4EA86-D1DE-49E4-A1A1-EA053B7381FF}.Release|Any CPU.Build.0 = Release|Any CPU
		{40C2E358-2983-46FB-9532-F7CEEAE00D92}.Debug|Any CPU.ActiveCfg = Debug|Any CPU
		{40C2E358-2983-46FB-9532-F7CEEAE00D92}.Debug|Any CPU.Build.0 = Debug|Any CPU
		{40C2E358-2983-46FB-9532-F7CEEAE00D92}.Release|Any CPU.ActiveCfg = Release|Any CPU
		{40C2E358-2983-46FB-9532-F7CEEAE00D92}.Release|Any CPU.Build.0 = Release|Any CPU
	EndGlobalSection
	GlobalSection(SolutionProperties) = preSolution
		HideSolutionNode = FALSE
	EndGlobalSection
	GlobalSection(NestedProjects) = preSolution
		{74449D7A-E46C-43EF-B985-A1B8FF82F5F4} = {E2D7FBDF-155D-407D-9D16-14BAC78C757E}
		{CC39293B-2A9D-416C-A6E5-B12BB9CB63CE} = {2211A0DF-BF0C-49A0-BC05-5752660B5FEE}
		{A5F395D8-2581-4E61-A9C4-2452CF142308} = {2EFF3E12-D4C6-4634-8CEF-8D13E7638186}
		{5BAE78A2-EB55-4E95-BF7E-354705C516E5} = {C07B9F8C-C1CA-4706-9A52-C89648E339DB}
		{6F4EFFEB-E7F7-4AC2-A8E2-E32E787BCF46} = {E2D7FBDF-155D-407D-9D16-14BAC78C757E}
		{9EB38943-BC3D-459E-8E82-8453FFDBA38F} = {21B68460-B30D-4EB1-8907-59C0D2248DE9}
		{15B4EA86-D1DE-49E4-A1A1-EA053B7381FF} = {1A3416F7-DD80-47E1-8488-B895B687177F}
		{40C2E358-2983-46FB-9532-F7CEEAE00D92} = {21B68460-B30D-4EB1-8907-59C0D2248DE9}
	EndGlobalSection
	GlobalSection(ExtensibilityGlobals) = postSolution
		SolutionGuid = {1A6750D2-1B63-4F4E-AD17-C31EC3DFE9F0}
	EndGlobalSection
EndGlobal
