
Microsoft Visual Studio Solution File, Format Version 12.00
# Visual Studio Version 16
VisualStudioVersion = 16.0.31019.35
MinimumVisualStudioVersion = 10.0.40219.1
Project("{9A19103F-16F7-4668-BE54-9A1E7A4F7556}") = "BookStore", "BookStore\BookStore.csproj", "{E9113C0D-2C8B-4B5C-9166-AD78122F262B}"
EndProject
Project("{9A19103F-16F7-4668-BE54-9A1E7A4F7556}") = "Architecture", "Architecture\Architecture.csproj", "{E38CBB27-E81B-44CB-9B83-DDA23BF5F57D}"
EndProject
Project("{9A19103F-16F7-4668-BE54-9A1E7A4F7556}") = "Domain", "Domain\Domain.csproj", "{C6F61A63-2551-450E-81D6-7F7A0899AC75}"
EndProject
Project("{9A19103F-16F7-4668-BE54-9A1E7A4F7556}") = "Repository", "Repository\Repository.csproj", "{268062D4-33EA-4AC8-8539-541EB6DBEAAB}"
EndProject
Project("{9A19103F-16F7-4668-BE54-9A1E7A4F7556}") = "Service", "Service\Service.csproj", "{309B1CD6-DBFB-405B-B81E-CD6DC351E896}"
EndProject
Project("{9A19103F-16F7-4668-BE54-9A1E7A4F7556}") = "Seed", "Seed\Seed.csproj", "{A3EE0041-BFFD-4B27-AFA9-002A2851A08F}"
EndProject
Project("{FAE04EC0-301F-11D3-BF4B-00C04F79EFBC}") = "BookStore.Front", "BookStore.Front\BookStore.Front.csproj", "{07791FD2-8979-4F83-8591-2DD75A8E5CD0}"
EndProject
Global
	GlobalSection(SolutionConfigurationPlatforms) = preSolution
		Debug|Any CPU = Debug|Any CPU
		Release|Any CPU = Release|Any CPU
	EndGlobalSection
	GlobalSection(ProjectConfigurationPlatforms) = postSolution
		{E9113C0D-2C8B-4B5C-9166-AD78122F262B}.Debug|Any CPU.ActiveCfg = Debug|Any CPU
		{E9113C0D-2C8B-4B5C-9166-AD78122F262B}.Debug|Any CPU.Build.0 = Debug|Any CPU
		{E9113C0D-2C8B-4B5C-9166-AD78122F262B}.Release|Any CPU.ActiveCfg = Release|Any CPU
		{E9113C0D-2C8B-4B5C-9166-AD78122F262B}.Release|Any CPU.Build.0 = Release|Any CPU
		{E38CBB27-E81B-44CB-9B83-DDA23BF5F57D}.Debug|Any CPU.ActiveCfg = Debug|Any CPU
		{E38CBB27-E81B-44CB-9B83-DDA23BF5F57D}.Debug|Any CPU.Build.0 = Debug|Any CPU
		{E38CBB27-E81B-44CB-9B83-DDA23BF5F57D}.Release|Any CPU.ActiveCfg = Release|Any CPU
		{E38CBB27-E81B-44CB-9B83-DDA23BF5F57D}.Release|Any CPU.Build.0 = Release|Any CPU
		{C6F61A63-2551-450E-81D6-7F7A0899AC75}.Debug|Any CPU.ActiveCfg = Debug|Any CPU
		{C6F61A63-2551-450E-81D6-7F7A0899AC75}.Debug|Any CPU.Build.0 = Debug|Any CPU
		{C6F61A63-2551-450E-81D6-7F7A0899AC75}.Release|Any CPU.ActiveCfg = Release|Any CPU
		{C6F61A63-2551-450E-81D6-7F7A0899AC75}.Release|Any CPU.Build.0 = Release|Any CPU
		{268062D4-33EA-4AC8-8539-541EB6DBEAAB}.Debug|Any CPU.ActiveCfg = Debug|Any CPU
		{268062D4-33EA-4AC8-8539-541EB6DBEAAB}.Debug|Any CPU.Build.0 = Debug|Any CPU
		{268062D4-33EA-4AC8-8539-541EB6DBEAAB}.Release|Any CPU.ActiveCfg = Release|Any CPU
		{268062D4-33EA-4AC8-8539-541EB6DBEAAB}.Release|Any CPU.Build.0 = Release|Any CPU
		{309B1CD6-DBFB-405B-B81E-CD6DC351E896}.Debug|Any CPU.ActiveCfg = Debug|Any CPU
		{309B1CD6-DBFB-405B-B81E-CD6DC351E896}.Debug|Any CPU.Build.0 = Debug|Any CPU
		{309B1CD6-DBFB-405B-B81E-CD6DC351E896}.Release|Any CPU.ActiveCfg = Release|Any CPU
		{309B1CD6-DBFB-405B-B81E-CD6DC351E896}.Release|Any CPU.Build.0 = Release|Any CPU
		{A3EE0041-BFFD-4B27-AFA9-002A2851A08F}.Debug|Any CPU.ActiveCfg = Debug|Any CPU
		{A3EE0041-BFFD-4B27-AFA9-002A2851A08F}.Debug|Any CPU.Build.0 = Debug|Any CPU
		{A3EE0041-BFFD-4B27-AFA9-002A2851A08F}.Release|Any CPU.ActiveCfg = Release|Any CPU
		{A3EE0041-BFFD-4B27-AFA9-002A2851A08F}.Release|Any CPU.Build.0 = Release|Any CPU
		{07791FD2-8979-4F83-8591-2DD75A8E5CD0}.Debug|Any CPU.ActiveCfg = Debug|Any CPU
		{07791FD2-8979-4F83-8591-2DD75A8E5CD0}.Debug|Any CPU.Build.0 = Debug|Any CPU
		{07791FD2-8979-4F83-8591-2DD75A8E5CD0}.Release|Any CPU.ActiveCfg = Release|Any CPU
		{07791FD2-8979-4F83-8591-2DD75A8E5CD0}.Release|Any CPU.Build.0 = Release|Any CPU
	EndGlobalSection
	GlobalSection(SolutionProperties) = preSolution
		HideSolutionNode = FALSE
	EndGlobalSection
	GlobalSection(ExtensibilityGlobals) = postSolution
		SolutionGuid = {86636EFD-55A6-4A9D-BBE0-02585EE1CB99}
	EndGlobalSection
EndGlobal
