
Microsoft Visual Studio Solution File, Format Version 12.00
# Visual Studio Version 16
VisualStudioVersion = 16.0.30320.27
MinimumVisualStudioVersion = 10.0.40219.1
Project("{FAE04EC0-301F-11D3-BF4B-00C04F79EFBC}") = "LivrariaTheos.WebApp", "LivrariaTheos.WebApp\LivrariaTheos.WebApp.csproj", "{D271C33C-ED57-4A56-B6F4-0EECB6D3DEC7}"
EndProject
Project("{FAE04EC0-301F-11D3-BF4B-00C04F79EFBC}") = "Domain", "Domain\Domain.csproj", "{39A1078D-5843-4C94-9CFB-72DC08F43E5A}"
EndProject
Project("{FAE04EC0-301F-11D3-BF4B-00C04F79EFBC}") = "Repository", "Repository\Repository.csproj", "{CD6D67A1-34AC-43CB-99F5-16ECC6BB87C2}"
EndProject
Project("{FAE04EC0-301F-11D3-BF4B-00C04F79EFBC}") = "Service", "Service\Service.csproj", "{74E01A70-DF91-4D2D-9B1C-3C59320FA253}"
EndProject
Global
	GlobalSection(SolutionConfigurationPlatforms) = preSolution
		Debug|Any CPU = Debug|Any CPU
		Release|Any CPU = Release|Any CPU
	EndGlobalSection
	GlobalSection(ProjectConfigurationPlatforms) = postSolution
		{D271C33C-ED57-4A56-B6F4-0EECB6D3DEC7}.Debug|Any CPU.ActiveCfg = Debug|Any CPU
		{D271C33C-ED57-4A56-B6F4-0EECB6D3DEC7}.Debug|Any CPU.Build.0 = Debug|Any CPU
		{D271C33C-ED57-4A56-B6F4-0EECB6D3DEC7}.Release|Any CPU.ActiveCfg = Release|Any CPU
		{D271C33C-ED57-4A56-B6F4-0EECB6D3DEC7}.Release|Any CPU.Build.0 = Release|Any CPU
		{39A1078D-5843-4C94-9CFB-72DC08F43E5A}.Debug|Any CPU.ActiveCfg = Debug|Any CPU
		{39A1078D-5843-4C94-9CFB-72DC08F43E5A}.Debug|Any CPU.Build.0 = Debug|Any CPU
		{39A1078D-5843-4C94-9CFB-72DC08F43E5A}.Release|Any CPU.ActiveCfg = Release|Any CPU
		{39A1078D-5843-4C94-9CFB-72DC08F43E5A}.Release|Any CPU.Build.0 = Release|Any CPU
		{CD6D67A1-34AC-43CB-99F5-16ECC6BB87C2}.Debug|Any CPU.ActiveCfg = Debug|Any CPU
		{CD6D67A1-34AC-43CB-99F5-16ECC6BB87C2}.Debug|Any CPU.Build.0 = Debug|Any CPU
		{CD6D67A1-34AC-43CB-99F5-16ECC6BB87C2}.Release|Any CPU.ActiveCfg = Release|Any CPU
		{CD6D67A1-34AC-43CB-99F5-16ECC6BB87C2}.Release|Any CPU.Build.0 = Release|Any CPU
		{74E01A70-DF91-4D2D-9B1C-3C59320FA253}.Debug|Any CPU.ActiveCfg = Debug|Any CPU
		{74E01A70-DF91-4D2D-9B1C-3C59320FA253}.Debug|Any CPU.Build.0 = Debug|Any CPU
		{74E01A70-DF91-4D2D-9B1C-3C59320FA253}.Release|Any CPU.ActiveCfg = Release|Any CPU
		{74E01A70-DF91-4D2D-9B1C-3C59320FA253}.Release|Any CPU.Build.0 = Release|Any CPU
	EndGlobalSection
	GlobalSection(SolutionProperties) = preSolution
		HideSolutionNode = FALSE
	EndGlobalSection
	GlobalSection(ExtensibilityGlobals) = postSolution
		SolutionGuid = {E789F424-7CF7-466C-BE60-DBDD85228ED9}
	EndGlobalSection
EndGlobal
