
Microsoft Visual Studio Solution File, Format Version 12.00
# Visual Studio Version 16
VisualStudioVersion = 16.0.30104.148
MinimumVisualStudioVersion = 10.0.40219.1
Project("{FAE04EC0-301F-11D3-BF4B-00C04F79EFBC}") = "Livraria", "Livraria\Livraria.csproj", "{ECEF217C-66A5-4499-B474-F967B882A8DD}"
EndProject
Global
	GlobalSection(SolutionConfigurationPlatforms) = preSolution
		Debug|Any CPU = Debug|Any CPU
		Release|Any CPU = Release|Any CPU
	EndGlobalSection
	GlobalSection(ProjectConfigurationPlatforms) = postSolution
		{ECEF217C-66A5-4499-B474-F967B882A8DD}.Debug|Any CPU.ActiveCfg = Debug|Any CPU
		{ECEF217C-66A5-4499-B474-F967B882A8DD}.Debug|Any CPU.Build.0 = Debug|Any CPU
		{ECEF217C-66A5-4499-B474-F967B882A8DD}.Release|Any CPU.ActiveCfg = Release|Any CPU
		{ECEF217C-66A5-4499-B474-F967B882A8DD}.Release|Any CPU.Build.0 = Release|Any CPU
	EndGlobalSection
	GlobalSection(SolutionProperties) = preSolution
		HideSolutionNode = FALSE
	EndGlobalSection
	GlobalSection(ExtensibilityGlobals) = postSolution
		SolutionGuid = {489D66B2-E309-4644-B847-77D655E03ADD}
	EndGlobalSection
EndGlobal
