
Microsoft Visual Studio Solution File, Format Version 12.00
# Visual Studio 15
VisualStudioVersion = 15.0.26124.0
MinimumVisualStudioVersion = 15.0.26124.0
Project("{FAE04EC0-301F-11D3-BF4B-00C04F79EFBC}") = "Entities", "Entities\Entities.csproj", "{0996CAC8-D223-4B06-B56B-213209DD51D5}"
EndProject
Project("{FAE04EC0-301F-11D3-BF4B-00C04F79EFBC}") = "Models", "Models\Models.csproj", "{7450ECDC-04EF-404E-90E5-8F5BF40CDCC4}"
EndProject
Project("{FAE04EC0-301F-11D3-BF4B-00C04F79EFBC}") = "Repositories", "Repositories\Repositories.csproj", "{AFF07E6F-F7B1-4669-80A1-3DF63CB088FB}"
EndProject
Project("{FAE04EC0-301F-11D3-BF4B-00C04F79EFBC}") = "Utils", "Utils\Utils.csproj", "{280CD269-67D9-417E-BBFF-62845A69921A}"
EndProject
Project("{FAE04EC0-301F-11D3-BF4B-00C04F79EFBC}") = "Web", "Web\Web.csproj", "{34B214EC-0578-4777-8CB4-CFDBF9281075}"
EndProject
Project("{FAE04EC0-301F-11D3-BF4B-00C04F79EFBC}") = "Enumerators", "Enumerators\Enumerators.csproj", "{72955F4E-AED6-4298-BF7F-EF2E611F35E5}"
EndProject
Project("{FAE04EC0-301F-11D3-BF4B-00C04F79EFBC}") = "Services", "Services\Services.csproj", "{AF2C9B43-B3B3-4DD8-8779-91BE476EAE36}"
EndProject
Global
	GlobalSection(SolutionConfigurationPlatforms) = preSolution
		Debug|Any CPU = Debug|Any CPU
		Debug|x64 = Debug|x64
		Debug|x86 = Debug|x86
		Release|Any CPU = Release|Any CPU
		Release|x64 = Release|x64
		Release|x86 = Release|x86
	EndGlobalSection
	GlobalSection(SolutionProperties) = preSolution
		HideSolutionNode = FALSE
	EndGlobalSection
	GlobalSection(ProjectConfigurationPlatforms) = postSolution
		{0996CAC8-D223-4B06-B56B-213209DD51D5}.Debug|Any CPU.ActiveCfg = Debug|Any CPU
		{0996CAC8-D223-4B06-B56B-213209DD51D5}.Debug|Any CPU.Build.0 = Debug|Any CPU
		{0996CAC8-D223-4B06-B56B-213209DD51D5}.Debug|x64.ActiveCfg = Debug|Any CPU
		{0996CAC8-D223-4B06-B56B-213209DD51D5}.Debug|x64.Build.0 = Debug|Any CPU
		{0996CAC8-D223-4B06-B56B-213209DD51D5}.Debug|x86.ActiveCfg = Debug|Any CPU
		{0996CAC8-D223-4B06-B56B-213209DD51D5}.Debug|x86.Build.0 = Debug|Any CPU
		{0996CAC8-D223-4B06-B56B-213209DD51D5}.Release|Any CPU.ActiveCfg = Release|Any CPU
		{0996CAC8-D223-4B06-B56B-213209DD51D5}.Release|Any CPU.Build.0 = Release|Any CPU
		{0996CAC8-D223-4B06-B56B-213209DD51D5}.Release|x64.ActiveCfg = Release|Any CPU
		{0996CAC8-D223-4B06-B56B-213209DD51D5}.Release|x64.Build.0 = Release|Any CPU
		{0996CAC8-D223-4B06-B56B-213209DD51D5}.Release|x86.ActiveCfg = Release|Any CPU
		{0996CAC8-D223-4B06-B56B-213209DD51D5}.Release|x86.Build.0 = Release|Any CPU
		{7450ECDC-04EF-404E-90E5-8F5BF40CDCC4}.Debug|Any CPU.ActiveCfg = Debug|Any CPU
		{7450ECDC-04EF-404E-90E5-8F5BF40CDCC4}.Debug|Any CPU.Build.0 = Debug|Any CPU
		{7450ECDC-04EF-404E-90E5-8F5BF40CDCC4}.Debug|x64.ActiveCfg = Debug|Any CPU
		{7450ECDC-04EF-404E-90E5-8F5BF40CDCC4}.Debug|x64.Build.0 = Debug|Any CPU
		{7450ECDC-04EF-404E-90E5-8F5BF40CDCC4}.Debug|x86.ActiveCfg = Debug|Any CPU
		{7450ECDC-04EF-404E-90E5-8F5BF40CDCC4}.Debug|x86.Build.0 = Debug|Any CPU
		{7450ECDC-04EF-404E-90E5-8F5BF40CDCC4}.Release|Any CPU.ActiveCfg = Release|Any CPU
		{7450ECDC-04EF-404E-90E5-8F5BF40CDCC4}.Release|Any CPU.Build.0 = Release|Any CPU
		{7450ECDC-04EF-404E-90E5-8F5BF40CDCC4}.Release|x64.ActiveCfg = Release|Any CPU
		{7450ECDC-04EF-404E-90E5-8F5BF40CDCC4}.Release|x64.Build.0 = Release|Any CPU
		{7450ECDC-04EF-404E-90E5-8F5BF40CDCC4}.Release|x86.ActiveCfg = Release|Any CPU
		{7450ECDC-04EF-404E-90E5-8F5BF40CDCC4}.Release|x86.Build.0 = Release|Any CPU
		{AFF07E6F-F7B1-4669-80A1-3DF63CB088FB}.Debug|Any CPU.ActiveCfg = Debug|Any CPU
		{AFF07E6F-F7B1-4669-80A1-3DF63CB088FB}.Debug|Any CPU.Build.0 = Debug|Any CPU
		{AFF07E6F-F7B1-4669-80A1-3DF63CB088FB}.Debug|x64.ActiveCfg = Debug|Any CPU
		{AFF07E6F-F7B1-4669-80A1-3DF63CB088FB}.Debug|x64.Build.0 = Debug|Any CPU
		{AFF07E6F-F7B1-4669-80A1-3DF63CB088FB}.Debug|x86.ActiveCfg = Debug|Any CPU
		{AFF07E6F-F7B1-4669-80A1-3DF63CB088FB}.Debug|x86.Build.0 = Debug|Any CPU
		{AFF07E6F-F7B1-4669-80A1-3DF63CB088FB}.Release|Any CPU.ActiveCfg = Release|Any CPU
		{AFF07E6F-F7B1-4669-80A1-3DF63CB088FB}.Release|Any CPU.Build.0 = Release|Any CPU
		{AFF07E6F-F7B1-4669-80A1-3DF63CB088FB}.Release|x64.ActiveCfg = Release|Any CPU
		{AFF07E6F-F7B1-4669-80A1-3DF63CB088FB}.Release|x64.Build.0 = Release|Any CPU
		{AFF07E6F-F7B1-4669-80A1-3DF63CB088FB}.Release|x86.ActiveCfg = Release|Any CPU
		{AFF07E6F-F7B1-4669-80A1-3DF63CB088FB}.Release|x86.Build.0 = Release|Any CPU
		{280CD269-67D9-417E-BBFF-62845A69921A}.Debug|Any CPU.ActiveCfg = Debug|Any CPU
		{280CD269-67D9-417E-BBFF-62845A69921A}.Debug|Any CPU.Build.0 = Debug|Any CPU
		{280CD269-67D9-417E-BBFF-62845A69921A}.Debug|x64.ActiveCfg = Debug|Any CPU
		{280CD269-67D9-417E-BBFF-62845A69921A}.Debug|x64.Build.0 = Debug|Any CPU
		{280CD269-67D9-417E-BBFF-62845A69921A}.Debug|x86.ActiveCfg = Debug|Any CPU
		{280CD269-67D9-417E-BBFF-62845A69921A}.Debug|x86.Build.0 = Debug|Any CPU
		{280CD269-67D9-417E-BBFF-62845A69921A}.Release|Any CPU.ActiveCfg = Release|Any CPU
		{280CD269-67D9-417E-BBFF-62845A69921A}.Release|Any CPU.Build.0 = Release|Any CPU
		{280CD269-67D9-417E-BBFF-62845A69921A}.Release|x64.ActiveCfg = Release|Any CPU
		{280CD269-67D9-417E-BBFF-62845A69921A}.Release|x64.Build.0 = Release|Any CPU
		{280CD269-67D9-417E-BBFF-62845A69921A}.Release|x86.ActiveCfg = Release|Any CPU
		{280CD269-67D9-417E-BBFF-62845A69921A}.Release|x86.Build.0 = Release|Any CPU
		{34B214EC-0578-4777-8CB4-CFDBF9281075}.Debug|Any CPU.ActiveCfg = Debug|Any CPU
		{34B214EC-0578-4777-8CB4-CFDBF9281075}.Debug|Any CPU.Build.0 = Debug|Any CPU
		{34B214EC-0578-4777-8CB4-CFDBF9281075}.Debug|x64.ActiveCfg = Debug|Any CPU
		{34B214EC-0578-4777-8CB4-CFDBF9281075}.Debug|x64.Build.0 = Debug|Any CPU
		{34B214EC-0578-4777-8CB4-CFDBF9281075}.Debug|x86.ActiveCfg = Debug|Any CPU
		{34B214EC-0578-4777-8CB4-CFDBF9281075}.Debug|x86.Build.0 = Debug|Any CPU
		{34B214EC-0578-4777-8CB4-CFDBF9281075}.Release|Any CPU.ActiveCfg = Release|Any CPU
		{34B214EC-0578-4777-8CB4-CFDBF9281075}.Release|Any CPU.Build.0 = Release|Any CPU
		{34B214EC-0578-4777-8CB4-CFDBF9281075}.Release|x64.ActiveCfg = Release|Any CPU
		{34B214EC-0578-4777-8CB4-CFDBF9281075}.Release|x64.Build.0 = Release|Any CPU
		{34B214EC-0578-4777-8CB4-CFDBF9281075}.Release|x86.ActiveCfg = Release|Any CPU
		{34B214EC-0578-4777-8CB4-CFDBF9281075}.Release|x86.Build.0 = Release|Any CPU
		{72955F4E-AED6-4298-BF7F-EF2E611F35E5}.Debug|Any CPU.ActiveCfg = Debug|Any CPU
		{72955F4E-AED6-4298-BF7F-EF2E611F35E5}.Debug|Any CPU.Build.0 = Debug|Any CPU
		{72955F4E-AED6-4298-BF7F-EF2E611F35E5}.Debug|x64.ActiveCfg = Debug|Any CPU
		{72955F4E-AED6-4298-BF7F-EF2E611F35E5}.Debug|x64.Build.0 = Debug|Any CPU
		{72955F4E-AED6-4298-BF7F-EF2E611F35E5}.Debug|x86.ActiveCfg = Debug|Any CPU
		{72955F4E-AED6-4298-BF7F-EF2E611F35E5}.Debug|x86.Build.0 = Debug|Any CPU
		{72955F4E-AED6-4298-BF7F-EF2E611F35E5}.Release|Any CPU.ActiveCfg = Release|Any CPU
		{72955F4E-AED6-4298-BF7F-EF2E611F35E5}.Release|Any CPU.Build.0 = Release|Any CPU
		{72955F4E-AED6-4298-BF7F-EF2E611F35E5}.Release|x64.ActiveCfg = Release|Any CPU
		{72955F4E-AED6-4298-BF7F-EF2E611F35E5}.Release|x64.Build.0 = Release|Any CPU
		{72955F4E-AED6-4298-BF7F-EF2E611F35E5}.Release|x86.ActiveCfg = Release|Any CPU
		{72955F4E-AED6-4298-BF7F-EF2E611F35E5}.Release|x86.Build.0 = Release|Any CPU
		{AF2C9B43-B3B3-4DD8-8779-91BE476EAE36}.Debug|Any CPU.ActiveCfg = Debug|Any CPU
		{AF2C9B43-B3B3-4DD8-8779-91BE476EAE36}.Debug|Any CPU.Build.0 = Debug|Any CPU
		{AF2C9B43-B3B3-4DD8-8779-91BE476EAE36}.Debug|x64.ActiveCfg = Debug|Any CPU
		{AF2C9B43-B3B3-4DD8-8779-91BE476EAE36}.Debug|x64.Build.0 = Debug|Any CPU
		{AF2C9B43-B3B3-4DD8-8779-91BE476EAE36}.Debug|x86.ActiveCfg = Debug|Any CPU
		{AF2C9B43-B3B3-4DD8-8779-91BE476EAE36}.Debug|x86.Build.0 = Debug|Any CPU
		{AF2C9B43-B3B3-4DD8-8779-91BE476EAE36}.Release|Any CPU.ActiveCfg = Release|Any CPU
		{AF2C9B43-B3B3-4DD8-8779-91BE476EAE36}.Release|Any CPU.Build.0 = Release|Any CPU
		{AF2C9B43-B3B3-4DD8-8779-91BE476EAE36}.Release|x64.ActiveCfg = Release|Any CPU
		{AF2C9B43-B3B3-4DD8-8779-91BE476EAE36}.Release|x64.Build.0 = Release|Any CPU
		{AF2C9B43-B3B3-4DD8-8779-91BE476EAE36}.Release|x86.ActiveCfg = Release|Any CPU
		{AF2C9B43-B3B3-4DD8-8779-91BE476EAE36}.Release|x86.Build.0 = Release|Any CPU
	EndGlobalSection
EndGlobal
