
Microsoft Visual Studio Solution File, Format Version 12.00
# Visual Studio 15
VisualStudioVersion = 15.0.26124.0
MinimumVisualStudioVersion = 15.0.26124.0
Project("{2150E333-8FDC-42A3-9474-1A3956D46DE8}") = "src", "src", "{53CE0730-A6CC-4763-AF0A-CE39D0E663A5}"
EndProject
Project("{FAE04EC0-301F-11D3-BF4B-00C04F79EFBC}") = "TheosBookStore.CrossCutting", "src\TheosBookStore.CrossCutting\TheosBookStore.CrossCutting.csproj", "{0E473492-D779-4A4D-9803-352945D5E234}"
EndProject
Project("{FAE04EC0-301F-11D3-BF4B-00C04F79EFBC}") = "TheosBookStore.LibCommon", "src\TheosBookStore.LibCommon\TheosBookStore.LibCommon.csproj", "{C3097C15-1C01-4E76-9CE2-4EEE552AA6FD}"
EndProject
Project("{FAE04EC0-301F-11D3-BF4B-00C04F79EFBC}") = "TheosBookStore.Stock.App", "src\TheosBookStore.Stock.App\TheosBookStore.Stock.App.csproj", "{DEA6422B-08E9-4982-99DF-9E1E64AD69F9}"
EndProject
Project("{FAE04EC0-301F-11D3-BF4B-00C04F79EFBC}") = "TheosBookStore.Stock.Domain", "src\TheosBookStore.Stock.Domain\TheosBookStore.Stock.Domain.csproj", "{DD93B230-D6FF-425B-9A0E-239AF1FB26BE}"
EndProject
Project("{FAE04EC0-301F-11D3-BF4B-00C04F79EFBC}") = "TheosBookStore.Stock.Infra", "src\TheosBookStore.Stock.Infra\TheosBookStore.Stock.Infra.csproj", "{648B6737-A349-4485-959C-99D35C503C3E}"
EndProject
Project("{FAE04EC0-301F-11D3-BF4B-00C04F79EFBC}") = "TheosBookStore.Auth.App", "src\TheosBookStore.Auth.App\TheosBookStore.Auth.App.csproj", "{5E73BA8F-E1A6-43D8-9811-6EEC02E8B630}"
EndProject
Project("{FAE04EC0-301F-11D3-BF4B-00C04F79EFBC}") = "TheosBookStore.Auth.Domain", "src\TheosBookStore.Auth.Domain\TheosBookStore.Auth.Domain.csproj", "{9F76974F-8737-4CBA-8D33-803ECDA52873}"
EndProject
Project("{FAE04EC0-301F-11D3-BF4B-00C04F79EFBC}") = "TheosBookStore.Auth.Infra", "src\TheosBookStore.Auth.Infra\TheosBookStore.Auth.Infra.csproj", "{CA6668F3-74BD-47A0-82A0-C7A7C57944CA}"
EndProject
Project("{FAE04EC0-301F-11D3-BF4B-00C04F79EFBC}") = "TheosBookStore.Web", "src\TheosBookStore.Web\TheosBookStore.Web.csproj", "{79A563D4-90A2-45FF-BAE8-323B27DA08B8}"
EndProject
Project("{2150E333-8FDC-42A3-9474-1A3956D46DE8}") = "__tests__", "__tests__", "{4D358025-0624-43F7-9DA9-C0D16A10A532}"
EndProject
Project("{FAE04EC0-301F-11D3-BF4B-00C04F79EFBC}") = "TheosBookStore.CrossCutting.Tests", "__tests__\TheosBookStore.CrossCutting.Tests\TheosBookStore.CrossCutting.Tests.csproj", "{BA6E0D2C-8C65-413A-8551-BD27EFF092A2}"
EndProject
Project("{FAE04EC0-301F-11D3-BF4B-00C04F79EFBC}") = "TheosBookStore.LibCommon.Tests", "__tests__\TheosBookStore.LibCommon.Tests\TheosBookStore.LibCommon.Tests.csproj", "{C3DA68FF-2D87-46D1-AAEC-66C1D99A7228}"
EndProject
Project("{FAE04EC0-301F-11D3-BF4B-00C04F79EFBC}") = "TheosBookStore.Stock.App.Tests", "__tests__\TheosBookStore.Stock.App.Tests\TheosBookStore.Stock.App.Tests.csproj", "{0D164D01-05CF-4048-8F4B-7D5F3050F312}"
EndProject
Project("{FAE04EC0-301F-11D3-BF4B-00C04F79EFBC}") = "TheosBookStore.Stock.Domain.Tests", "__tests__\TheosBookStore.Stock.Domain.Tests\TheosBookStore.Stock.Domain.Tests.csproj", "{5F8D0177-610B-4425-891F-CBDBF9701C9C}"
EndProject
Project("{FAE04EC0-301F-11D3-BF4B-00C04F79EFBC}") = "TheosBookStore.Stock.Infra.Tests", "__tests__\TheosBookStore.Stock.Infra.Tests\TheosBookStore.Stock.Infra.Tests.csproj", "{20FC7F27-9502-4F62-911A-6BE33A1D1391}"
EndProject
Project("{FAE04EC0-301F-11D3-BF4B-00C04F79EFBC}") = "TheosBookStore.Auth.App.Tests", "__tests__\TheosBookStore.Auth.App.Tests\TheosBookStore.Auth.App.Tests.csproj", "{FA846755-5300-4455-80A5-15F0D81138AD}"
EndProject
Project("{FAE04EC0-301F-11D3-BF4B-00C04F79EFBC}") = "TheosBookStore.Auth.Domain.Tests", "__tests__\TheosBookStore.Auth.Domain.Tests\TheosBookStore.Auth.Domain.Tests.csproj", "{278A19CE-9A5A-482A-8A9C-31638EDDC2B1}"
EndProject
Project("{FAE04EC0-301F-11D3-BF4B-00C04F79EFBC}") = "TheosBookStore.Auth.Infra.Tests", "__tests__\TheosBookStore.Auth.Infra.Tests\TheosBookStore.Auth.Infra.Tests.csproj", "{97F62761-53FE-4B31-8888-6E08BAED86C0}"
EndProject
Global
	GlobalSection(SolutionConfigurationPlatforms) = preSolution
		Debug|Any CPU = Debug|Any CPU
		Debug|x64 = Debug|x64
		Debug|x86 = Debug|x86
		Release|Any CPU = Release|Any CPU
		Release|x64 = Release|x64
		Release|x86 = Release|x86
	EndGlobalSection
	GlobalSection(SolutionProperties) = preSolution
		HideSolutionNode = FALSE
	EndGlobalSection
	GlobalSection(ProjectConfigurationPlatforms) = postSolution
		{0E473492-D779-4A4D-9803-352945D5E234}.Debug|Any CPU.ActiveCfg = Debug|Any CPU
		{0E473492-D779-4A4D-9803-352945D5E234}.Debug|Any CPU.Build.0 = Debug|Any CPU
		{0E473492-D779-4A4D-9803-352945D5E234}.Debug|x64.ActiveCfg = Debug|Any CPU
		{0E473492-D779-4A4D-9803-352945D5E234}.Debug|x64.Build.0 = Debug|Any CPU
		{0E473492-D779-4A4D-9803-352945D5E234}.Debug|x86.ActiveCfg = Debug|Any CPU
		{0E473492-D779-4A4D-9803-352945D5E234}.Debug|x86.Build.0 = Debug|Any CPU
		{0E473492-D779-4A4D-9803-352945D5E234}.Release|Any CPU.ActiveCfg = Release|Any CPU
		{0E473492-D779-4A4D-9803-352945D5E234}.Release|Any CPU.Build.0 = Release|Any CPU
		{0E473492-D779-4A4D-9803-352945D5E234}.Release|x64.ActiveCfg = Release|Any CPU
		{0E473492-D779-4A4D-9803-352945D5E234}.Release|x64.Build.0 = Release|Any CPU
		{0E473492-D779-4A4D-9803-352945D5E234}.Release|x86.ActiveCfg = Release|Any CPU
		{0E473492-D779-4A4D-9803-352945D5E234}.Release|x86.Build.0 = Release|Any CPU
		{C3097C15-1C01-4E76-9CE2-4EEE552AA6FD}.Debug|Any CPU.ActiveCfg = Debug|Any CPU
		{C3097C15-1C01-4E76-9CE2-4EEE552AA6FD}.Debug|Any CPU.Build.0 = Debug|Any CPU
		{C3097C15-1C01-4E76-9CE2-4EEE552AA6FD}.Debug|x64.ActiveCfg = Debug|Any CPU
		{C3097C15-1C01-4E76-9CE2-4EEE552AA6FD}.Debug|x64.Build.0 = Debug|Any CPU
		{C3097C15-1C01-4E76-9CE2-4EEE552AA6FD}.Debug|x86.ActiveCfg = Debug|Any CPU
		{C3097C15-1C01-4E76-9CE2-4EEE552AA6FD}.Debug|x86.Build.0 = Debug|Any CPU
		{C3097C15-1C01-4E76-9CE2-4EEE552AA6FD}.Release|Any CPU.ActiveCfg = Release|Any CPU
		{C3097C15-1C01-4E76-9CE2-4EEE552AA6FD}.Release|Any CPU.Build.0 = Release|Any CPU
		{C3097C15-1C01-4E76-9CE2-4EEE552AA6FD}.Release|x64.ActiveCfg = Release|Any CPU
		{C3097C15-1C01-4E76-9CE2-4EEE552AA6FD}.Release|x64.Build.0 = Release|Any CPU
		{C3097C15-1C01-4E76-9CE2-4EEE552AA6FD}.Release|x86.ActiveCfg = Release|Any CPU
		{C3097C15-1C01-4E76-9CE2-4EEE552AA6FD}.Release|x86.Build.0 = Release|Any CPU
		{DEA6422B-08E9-4982-99DF-9E1E64AD69F9}.Debug|Any CPU.ActiveCfg = Debug|Any CPU
		{DEA6422B-08E9-4982-99DF-9E1E64AD69F9}.Debug|Any CPU.Build.0 = Debug|Any CPU
		{DEA6422B-08E9-4982-99DF-9E1E64AD69F9}.Debug|x64.ActiveCfg = Debug|Any CPU
		{DEA6422B-08E9-4982-99DF-9E1E64AD69F9}.Debug|x64.Build.0 = Debug|Any CPU
		{DEA6422B-08E9-4982-99DF-9E1E64AD69F9}.Debug|x86.ActiveCfg = Debug|Any CPU
		{DEA6422B-08E9-4982-99DF-9E1E64AD69F9}.Debug|x86.Build.0 = Debug|Any CPU
		{DEA6422B-08E9-4982-99DF-9E1E64AD69F9}.Release|Any CPU.ActiveCfg = Release|Any CPU
		{DEA6422B-08E9-4982-99DF-9E1E64AD69F9}.Release|Any CPU.Build.0 = Release|Any CPU
		{DEA6422B-08E9-4982-99DF-9E1E64AD69F9}.Release|x64.ActiveCfg = Release|Any CPU
		{DEA6422B-08E9-4982-99DF-9E1E64AD69F9}.Release|x64.Build.0 = Release|Any CPU
		{DEA6422B-08E9-4982-99DF-9E1E64AD69F9}.Release|x86.ActiveCfg = Release|Any CPU
		{DEA6422B-08E9-4982-99DF-9E1E64AD69F9}.Release|x86.Build.0 = Release|Any CPU
		{DD93B230-D6FF-425B-9A0E-239AF1FB26BE}.Debug|Any CPU.ActiveCfg = Debug|Any CPU
		{DD93B230-D6FF-425B-9A0E-239AF1FB26BE}.Debug|Any CPU.Build.0 = Debug|Any CPU
		{DD93B230-D6FF-425B-9A0E-239AF1FB26BE}.Debug|x64.ActiveCfg = Debug|Any CPU
		{DD93B230-D6FF-425B-9A0E-239AF1FB26BE}.Debug|x64.Build.0 = Debug|Any CPU
		{DD93B230-D6FF-425B-9A0E-239AF1FB26BE}.Debug|x86.ActiveCfg = Debug|Any CPU
		{DD93B230-D6FF-425B-9A0E-239AF1FB26BE}.Debug|x86.Build.0 = Debug|Any CPU
		{DD93B230-D6FF-425B-9A0E-239AF1FB26BE}.Release|Any CPU.ActiveCfg = Release|Any CPU
		{DD93B230-D6FF-425B-9A0E-239AF1FB26BE}.Release|Any CPU.Build.0 = Release|Any CPU
		{DD93B230-D6FF-425B-9A0E-239AF1FB26BE}.Release|x64.ActiveCfg = Release|Any CPU
		{DD93B230-D6FF-425B-9A0E-239AF1FB26BE}.Release|x64.Build.0 = Release|Any CPU
		{DD93B230-D6FF-425B-9A0E-239AF1FB26BE}.Release|x86.ActiveCfg = Release|Any CPU
		{DD93B230-D6FF-425B-9A0E-239AF1FB26BE}.Release|x86.Build.0 = Release|Any CPU
		{648B6737-A349-4485-959C-99D35C503C3E}.Debug|Any CPU.ActiveCfg = Debug|Any CPU
		{648B6737-A349-4485-959C-99D35C503C3E}.Debug|Any CPU.Build.0 = Debug|Any CPU
		{648B6737-A349-4485-959C-99D35C503C3E}.Debug|x64.ActiveCfg = Debug|Any CPU
		{648B6737-A349-4485-959C-99D35C503C3E}.Debug|x64.Build.0 = Debug|Any CPU
		{648B6737-A349-4485-959C-99D35C503C3E}.Debug|x86.ActiveCfg = Debug|Any CPU
		{648B6737-A349-4485-959C-99D35C503C3E}.Debug|x86.Build.0 = Debug|Any CPU
		{648B6737-A349-4485-959C-99D35C503C3E}.Release|Any CPU.ActiveCfg = Release|Any CPU
		{648B6737-A349-4485-959C-99D35C503C3E}.Release|Any CPU.Build.0 = Release|Any CPU
		{648B6737-A349-4485-959C-99D35C503C3E}.Release|x64.ActiveCfg = Release|Any CPU
		{648B6737-A349-4485-959C-99D35C503C3E}.Release|x64.Build.0 = Release|Any CPU
		{648B6737-A349-4485-959C-99D35C503C3E}.Release|x86.ActiveCfg = Release|Any CPU
		{648B6737-A349-4485-959C-99D35C503C3E}.Release|x86.Build.0 = Release|Any CPU
		{5E73BA8F-E1A6-43D8-9811-6EEC02E8B630}.Debug|Any CPU.ActiveCfg = Debug|Any CPU
		{5E73BA8F-E1A6-43D8-9811-6EEC02E8B630}.Debug|Any CPU.Build.0 = Debug|Any CPU
		{5E73BA8F-E1A6-43D8-9811-6EEC02E8B630}.Debug|x64.ActiveCfg = Debug|Any CPU
		{5E73BA8F-E1A6-43D8-9811-6EEC02E8B630}.Debug|x64.Build.0 = Debug|Any CPU
		{5E73BA8F-E1A6-43D8-9811-6EEC02E8B630}.Debug|x86.ActiveCfg = Debug|Any CPU
		{5E73BA8F-E1A6-43D8-9811-6EEC02E8B630}.Debug|x86.Build.0 = Debug|Any CPU
		{5E73BA8F-E1A6-43D8-9811-6EEC02E8B630}.Release|Any CPU.ActiveCfg = Release|Any CPU
		{5E73BA8F-E1A6-43D8-9811-6EEC02E8B630}.Release|Any CPU.Build.0 = Release|Any CPU
		{5E73BA8F-E1A6-43D8-9811-6EEC02E8B630}.Release|x64.ActiveCfg = Release|Any CPU
		{5E73BA8F-E1A6-43D8-9811-6EEC02E8B630}.Release|x64.Build.0 = Release|Any CPU
		{5E73BA8F-E1A6-43D8-9811-6EEC02E8B630}.Release|x86.ActiveCfg = Release|Any CPU
		{5E73BA8F-E1A6-43D8-9811-6EEC02E8B630}.Release|x86.Build.0 = Release|Any CPU
		{9F76974F-8737-4CBA-8D33-803ECDA52873}.Debug|Any CPU.ActiveCfg = Debug|Any CPU
		{9F76974F-8737-4CBA-8D33-803ECDA52873}.Debug|Any CPU.Build.0 = Debug|Any CPU
		{9F76974F-8737-4CBA-8D33-803ECDA52873}.Debug|x64.ActiveCfg = Debug|Any CPU
		{9F76974F-8737-4CBA-8D33-803ECDA52873}.Debug|x64.Build.0 = Debug|Any CPU
		{9F76974F-8737-4CBA-8D33-803ECDA52873}.Debug|x86.ActiveCfg = Debug|Any CPU
		{9F76974F-8737-4CBA-8D33-803ECDA52873}.Debug|x86.Build.0 = Debug|Any CPU
		{9F76974F-8737-4CBA-8D33-803ECDA52873}.Release|Any CPU.ActiveCfg = Release|Any CPU
		{9F76974F-8737-4CBA-8D33-803ECDA52873}.Release|Any CPU.Build.0 = Release|Any CPU
		{9F76974F-8737-4CBA-8D33-803ECDA52873}.Release|x64.ActiveCfg = Release|Any CPU
		{9F76974F-8737-4CBA-8D33-803ECDA52873}.Release|x64.Build.0 = Release|Any CPU
		{9F76974F-8737-4CBA-8D33-803ECDA52873}.Release|x86.ActiveCfg = Release|Any CPU
		{9F76974F-8737-4CBA-8D33-803ECDA52873}.Release|x86.Build.0 = Release|Any CPU
		{CA6668F3-74BD-47A0-82A0-C7A7C57944CA}.Debug|Any CPU.ActiveCfg = Debug|Any CPU
		{CA6668F3-74BD-47A0-82A0-C7A7C57944CA}.Debug|Any CPU.Build.0 = Debug|Any CPU
		{CA6668F3-74BD-47A0-82A0-C7A7C57944CA}.Debug|x64.ActiveCfg = Debug|Any CPU
		{CA6668F3-74BD-47A0-82A0-C7A7C57944CA}.Debug|x64.Build.0 = Debug|Any CPU
		{CA6668F3-74BD-47A0-82A0-C7A7C57944CA}.Debug|x86.ActiveCfg = Debug|Any CPU
		{CA6668F3-74BD-47A0-82A0-C7A7C57944CA}.Debug|x86.Build.0 = Debug|Any CPU
		{CA6668F3-74BD-47A0-82A0-C7A7C57944CA}.Release|Any CPU.ActiveCfg = Release|Any CPU
		{CA6668F3-74BD-47A0-82A0-C7A7C57944CA}.Release|Any CPU.Build.0 = Release|Any CPU
		{CA6668F3-74BD-47A0-82A0-C7A7C57944CA}.Release|x64.ActiveCfg = Release|Any CPU
		{CA6668F3-74BD-47A0-82A0-C7A7C57944CA}.Release|x64.Build.0 = Release|Any CPU
		{CA6668F3-74BD-47A0-82A0-C7A7C57944CA}.Release|x86.ActiveCfg = Release|Any CPU
		{CA6668F3-74BD-47A0-82A0-C7A7C57944CA}.Release|x86.Build.0 = Release|Any CPU
		{79A563D4-90A2-45FF-BAE8-323B27DA08B8}.Debug|Any CPU.ActiveCfg = Debug|Any CPU
		{79A563D4-90A2-45FF-BAE8-323B27DA08B8}.Debug|Any CPU.Build.0 = Debug|Any CPU
		{79A563D4-90A2-45FF-BAE8-323B27DA08B8}.Debug|x64.ActiveCfg = Debug|Any CPU
		{79A563D4-90A2-45FF-BAE8-323B27DA08B8}.Debug|x64.Build.0 = Debug|Any CPU
		{79A563D4-90A2-45FF-BAE8-323B27DA08B8}.Debug|x86.ActiveCfg = Debug|Any CPU
		{79A563D4-90A2-45FF-BAE8-323B27DA08B8}.Debug|x86.Build.0 = Debug|Any CPU
		{79A563D4-90A2-45FF-BAE8-323B27DA08B8}.Release|Any CPU.ActiveCfg = Release|Any CPU
		{79A563D4-90A2-45FF-BAE8-323B27DA08B8}.Release|Any CPU.Build.0 = Release|Any CPU
		{79A563D4-90A2-45FF-BAE8-323B27DA08B8}.Release|x64.ActiveCfg = Release|Any CPU
		{79A563D4-90A2-45FF-BAE8-323B27DA08B8}.Release|x64.Build.0 = Release|Any CPU
		{79A563D4-90A2-45FF-BAE8-323B27DA08B8}.Release|x86.ActiveCfg = Release|Any CPU
		{79A563D4-90A2-45FF-BAE8-323B27DA08B8}.Release|x86.Build.0 = Release|Any CPU
		{BA6E0D2C-8C65-413A-8551-BD27EFF092A2}.Debug|Any CPU.ActiveCfg = Debug|Any CPU
		{BA6E0D2C-8C65-413A-8551-BD27EFF092A2}.Debug|Any CPU.Build.0 = Debug|Any CPU
		{BA6E0D2C-8C65-413A-8551-BD27EFF092A2}.Debug|x64.ActiveCfg = Debug|Any CPU
		{BA6E0D2C-8C65-413A-8551-BD27EFF092A2}.Debug|x64.Build.0 = Debug|Any CPU
		{BA6E0D2C-8C65-413A-8551-BD27EFF092A2}.Debug|x86.ActiveCfg = Debug|Any CPU
		{BA6E0D2C-8C65-413A-8551-BD27EFF092A2}.Debug|x86.Build.0 = Debug|Any CPU
		{BA6E0D2C-8C65-413A-8551-BD27EFF092A2}.Release|Any CPU.ActiveCfg = Release|Any CPU
		{BA6E0D2C-8C65-413A-8551-BD27EFF092A2}.Release|Any CPU.Build.0 = Release|Any CPU
		{BA6E0D2C-8C65-413A-8551-BD27EFF092A2}.Release|x64.ActiveCfg = Release|Any CPU
		{BA6E0D2C-8C65-413A-8551-BD27EFF092A2}.Release|x64.Build.0 = Release|Any CPU
		{BA6E0D2C-8C65-413A-8551-BD27EFF092A2}.Release|x86.ActiveCfg = Release|Any CPU
		{BA6E0D2C-8C65-413A-8551-BD27EFF092A2}.Release|x86.Build.0 = Release|Any CPU
		{C3DA68FF-2D87-46D1-AAEC-66C1D99A7228}.Debug|Any CPU.ActiveCfg = Debug|Any CPU
		{C3DA68FF-2D87-46D1-AAEC-66C1D99A7228}.Debug|Any CPU.Build.0 = Debug|Any CPU
		{C3DA68FF-2D87-46D1-AAEC-66C1D99A7228}.Debug|x64.ActiveCfg = Debug|Any CPU
		{C3DA68FF-2D87-46D1-AAEC-66C1D99A7228}.Debug|x64.Build.0 = Debug|Any CPU
		{C3DA68FF-2D87-46D1-AAEC-66C1D99A7228}.Debug|x86.ActiveCfg = Debug|Any CPU
		{C3DA68FF-2D87-46D1-AAEC-66C1D99A7228}.Debug|x86.Build.0 = Debug|Any CPU
		{C3DA68FF-2D87-46D1-AAEC-66C1D99A7228}.Release|Any CPU.ActiveCfg = Release|Any CPU
		{C3DA68FF-2D87-46D1-AAEC-66C1D99A7228}.Release|Any CPU.Build.0 = Release|Any CPU
		{C3DA68FF-2D87-46D1-AAEC-66C1D99A7228}.Release|x64.ActiveCfg = Release|Any CPU
		{C3DA68FF-2D87-46D1-AAEC-66C1D99A7228}.Release|x64.Build.0 = Release|Any CPU
		{C3DA68FF-2D87-46D1-AAEC-66C1D99A7228}.Release|x86.ActiveCfg = Release|Any CPU
		{C3DA68FF-2D87-46D1-AAEC-66C1D99A7228}.Release|x86.Build.0 = Release|Any CPU
		{0D164D01-05CF-4048-8F4B-7D5F3050F312}.Debug|Any CPU.ActiveCfg = Debug|Any CPU
		{0D164D01-05CF-4048-8F4B-7D5F3050F312}.Debug|Any CPU.Build.0 = Debug|Any CPU
		{0D164D01-05CF-4048-8F4B-7D5F3050F312}.Debug|x64.ActiveCfg = Debug|Any CPU
		{0D164D01-05CF-4048-8F4B-7D5F3050F312}.Debug|x64.Build.0 = Debug|Any CPU
		{0D164D01-05CF-4048-8F4B-7D5F3050F312}.Debug|x86.ActiveCfg = Debug|Any CPU
		{0D164D01-05CF-4048-8F4B-7D5F3050F312}.Debug|x86.Build.0 = Debug|Any CPU
		{0D164D01-05CF-4048-8F4B-7D5F3050F312}.Release|Any CPU.ActiveCfg = Release|Any CPU
		{0D164D01-05CF-4048-8F4B-7D5F3050F312}.Release|Any CPU.Build.0 = Release|Any CPU
		{0D164D01-05CF-4048-8F4B-7D5F3050F312}.Release|x64.ActiveCfg = Release|Any CPU
		{0D164D01-05CF-4048-8F4B-7D5F3050F312}.Release|x64.Build.0 = Release|Any CPU
		{0D164D01-05CF-4048-8F4B-7D5F3050F312}.Release|x86.ActiveCfg = Release|Any CPU
		{0D164D01-05CF-4048-8F4B-7D5F3050F312}.Release|x86.Build.0 = Release|Any CPU
		{5F8D0177-610B-4425-891F-CBDBF9701C9C}.Debug|Any CPU.ActiveCfg = Debug|Any CPU
		{5F8D0177-610B-4425-891F-CBDBF9701C9C}.Debug|Any CPU.Build.0 = Debug|Any CPU
		{5F8D0177-610B-4425-891F-CBDBF9701C9C}.Debug|x64.ActiveCfg = Debug|Any CPU
		{5F8D0177-610B-4425-891F-CBDBF9701C9C}.Debug|x64.Build.0 = Debug|Any CPU
		{5F8D0177-610B-4425-891F-CBDBF9701C9C}.Debug|x86.ActiveCfg = Debug|Any CPU
		{5F8D0177-610B-4425-891F-CBDBF9701C9C}.Debug|x86.Build.0 = Debug|Any CPU
		{5F8D0177-610B-4425-891F-CBDBF9701C9C}.Release|Any CPU.ActiveCfg = Release|Any CPU
		{5F8D0177-610B-4425-891F-CBDBF9701C9C}.Release|Any CPU.Build.0 = Release|Any CPU
		{5F8D0177-610B-4425-891F-CBDBF9701C9C}.Release|x64.ActiveCfg = Release|Any CPU
		{5F8D0177-610B-4425-891F-CBDBF9701C9C}.Release|x64.Build.0 = Release|Any CPU
		{5F8D0177-610B-4425-891F-CBDBF9701C9C}.Release|x86.ActiveCfg = Release|Any CPU
		{5F8D0177-610B-4425-891F-CBDBF9701C9C}.Release|x86.Build.0 = Release|Any CPU
		{20FC7F27-9502-4F62-911A-6BE33A1D1391}.Debug|Any CPU.ActiveCfg = Debug|Any CPU
		{20FC7F27-9502-4F62-911A-6BE33A1D1391}.Debug|Any CPU.Build.0 = Debug|Any CPU
		{20FC7F27-9502-4F62-911A-6BE33A1D1391}.Debug|x64.ActiveCfg = Debug|Any CPU
		{20FC7F27-9502-4F62-911A-6BE33A1D1391}.Debug|x64.Build.0 = Debug|Any CPU
		{20FC7F27-9502-4F62-911A-6BE33A1D1391}.Debug|x86.ActiveCfg = Debug|Any CPU
		{20FC7F27-9502-4F62-911A-6BE33A1D1391}.Debug|x86.Build.0 = Debug|Any CPU
		{20FC7F27-9502-4F62-911A-6BE33A1D1391}.Release|Any CPU.ActiveCfg = Release|Any CPU
		{20FC7F27-9502-4F62-911A-6BE33A1D1391}.Release|Any CPU.Build.0 = Release|Any CPU
		{20FC7F27-9502-4F62-911A-6BE33A1D1391}.Release|x64.ActiveCfg = Release|Any CPU
		{20FC7F27-9502-4F62-911A-6BE33A1D1391}.Release|x64.Build.0 = Release|Any CPU
		{20FC7F27-9502-4F62-911A-6BE33A1D1391}.Release|x86.ActiveCfg = Release|Any CPU
		{20FC7F27-9502-4F62-911A-6BE33A1D1391}.Release|x86.Build.0 = Release|Any CPU
		{FA846755-5300-4455-80A5-15F0D81138AD}.Debug|Any CPU.ActiveCfg = Debug|Any CPU
		{FA846755-5300-4455-80A5-15F0D81138AD}.Debug|Any CPU.Build.0 = Debug|Any CPU
		{FA846755-5300-4455-80A5-15F0D81138AD}.Debug|x64.ActiveCfg = Debug|Any CPU
		{FA846755-5300-4455-80A5-15F0D81138AD}.Debug|x64.Build.0 = Debug|Any CPU
		{FA846755-5300-4455-80A5-15F0D81138AD}.Debug|x86.ActiveCfg = Debug|Any CPU
		{FA846755-5300-4455-80A5-15F0D81138AD}.Debug|x86.Build.0 = Debug|Any CPU
		{FA846755-5300-4455-80A5-15F0D81138AD}.Release|Any CPU.ActiveCfg = Release|Any CPU
		{FA846755-5300-4455-80A5-15F0D81138AD}.Release|Any CPU.Build.0 = Release|Any CPU
		{FA846755-5300-4455-80A5-15F0D81138AD}.Release|x64.ActiveCfg = Release|Any CPU
		{FA846755-5300-4455-80A5-15F0D81138AD}.Release|x64.Build.0 = Release|Any CPU
		{FA846755-5300-4455-80A5-15F0D81138AD}.Release|x86.ActiveCfg = Release|Any CPU
		{FA846755-5300-4455-80A5-15F0D81138AD}.Release|x86.Build.0 = Release|Any CPU
		{278A19CE-9A5A-482A-8A9C-31638EDDC2B1}.Debug|Any CPU.ActiveCfg = Debug|Any CPU
		{278A19CE-9A5A-482A-8A9C-31638EDDC2B1}.Debug|Any CPU.Build.0 = Debug|Any CPU
		{278A19CE-9A5A-482A-8A9C-31638EDDC2B1}.Debug|x64.ActiveCfg = Debug|Any CPU
		{278A19CE-9A5A-482A-8A9C-31638EDDC2B1}.Debug|x64.Build.0 = Debug|Any CPU
		{278A19CE-9A5A-482A-8A9C-31638EDDC2B1}.Debug|x86.ActiveCfg = Debug|Any CPU
		{278A19CE-9A5A-482A-8A9C-31638EDDC2B1}.Debug|x86.Build.0 = Debug|Any CPU
		{278A19CE-9A5A-482A-8A9C-31638EDDC2B1}.Release|Any CPU.ActiveCfg = Release|Any CPU
		{278A19CE-9A5A-482A-8A9C-31638EDDC2B1}.Release|Any CPU.Build.0 = Release|Any CPU
		{278A19CE-9A5A-482A-8A9C-31638EDDC2B1}.Release|x64.ActiveCfg = Release|Any CPU
		{278A19CE-9A5A-482A-8A9C-31638EDDC2B1}.Release|x64.Build.0 = Release|Any CPU
		{278A19CE-9A5A-482A-8A9C-31638EDDC2B1}.Release|x86.ActiveCfg = Release|Any CPU
		{278A19CE-9A5A-482A-8A9C-31638EDDC2B1}.Release|x86.Build.0 = Release|Any CPU
		{97F62761-53FE-4B31-8888-6E08BAED86C0}.Debug|Any CPU.ActiveCfg = Debug|Any CPU
		{97F62761-53FE-4B31-8888-6E08BAED86C0}.Debug|Any CPU.Build.0 = Debug|Any CPU
		{97F62761-53FE-4B31-8888-6E08BAED86C0}.Debug|x64.ActiveCfg = Debug|Any CPU
		{97F62761-53FE-4B31-8888-6E08BAED86C0}.Debug|x64.Build.0 = Debug|Any CPU
		{97F62761-53FE-4B31-8888-6E08BAED86C0}.Debug|x86.ActiveCfg = Debug|Any CPU
		{97F62761-53FE-4B31-8888-6E08BAED86C0}.Debug|x86.Build.0 = Debug|Any CPU
		{97F62761-53FE-4B31-8888-6E08BAED86C0}.Release|Any CPU.ActiveCfg = Release|Any CPU
		{97F62761-53FE-4B31-8888-6E08BAED86C0}.Release|Any CPU.Build.0 = Release|Any CPU
		{97F62761-53FE-4B31-8888-6E08BAED86C0}.Release|x64.ActiveCfg = Release|Any CPU
		{97F62761-53FE-4B31-8888-6E08BAED86C0}.Release|x64.Build.0 = Release|Any CPU
		{97F62761-53FE-4B31-8888-6E08BAED86C0}.Release|x86.ActiveCfg = Release|Any CPU
		{97F62761-53FE-4B31-8888-6E08BAED86C0}.Release|x86.Build.0 = Release|Any CPU
	EndGlobalSection
	GlobalSection(NestedProjects) = preSolution
		{0E473492-D779-4A4D-9803-352945D5E234} = {53CE0730-A6CC-4763-AF0A-CE39D0E663A5}
		{C3097C15-1C01-4E76-9CE2-4EEE552AA6FD} = {53CE0730-A6CC-4763-AF0A-CE39D0E663A5}
		{DEA6422B-08E9-4982-99DF-9E1E64AD69F9} = {53CE0730-A6CC-4763-AF0A-CE39D0E663A5}
		{DD93B230-D6FF-425B-9A0E-239AF1FB26BE} = {53CE0730-A6CC-4763-AF0A-CE39D0E663A5}
		{648B6737-A349-4485-959C-99D35C503C3E} = {53CE0730-A6CC-4763-AF0A-CE39D0E663A5}
		{5E73BA8F-E1A6-43D8-9811-6EEC02E8B630} = {53CE0730-A6CC-4763-AF0A-CE39D0E663A5}
		{9F76974F-8737-4CBA-8D33-803ECDA52873} = {53CE0730-A6CC-4763-AF0A-CE39D0E663A5}
		{CA6668F3-74BD-47A0-82A0-C7A7C57944CA} = {53CE0730-A6CC-4763-AF0A-CE39D0E663A5}
		{79A563D4-90A2-45FF-BAE8-323B27DA08B8} = {53CE0730-A6CC-4763-AF0A-CE39D0E663A5}
		{BA6E0D2C-8C65-413A-8551-BD27EFF092A2} = {4D358025-0624-43F7-9DA9-C0D16A10A532}
		{C3DA68FF-2D87-46D1-AAEC-66C1D99A7228} = {4D358025-0624-43F7-9DA9-C0D16A10A532}
		{0D164D01-05CF-4048-8F4B-7D5F3050F312} = {4D358025-0624-43F7-9DA9-C0D16A10A532}
		{5F8D0177-610B-4425-891F-CBDBF9701C9C} = {4D358025-0624-43F7-9DA9-C0D16A10A532}
		{20FC7F27-9502-4F62-911A-6BE33A1D1391} = {4D358025-0624-43F7-9DA9-C0D16A10A532}
		{FA846755-5300-4455-80A5-15F0D81138AD} = {4D358025-0624-43F7-9DA9-C0D16A10A532}
		{278A19CE-9A5A-482A-8A9C-31638EDDC2B1} = {4D358025-0624-43F7-9DA9-C0D16A10A532}
		{97F62761-53FE-4B31-8888-6E08BAED86C0} = {4D358025-0624-43F7-9DA9-C0D16A10A532}
	EndGlobalSection
EndGlobal
