
Microsoft Visual Studio Solution File, Format Version 12.00
# Visual Studio Version 16
VisualStudioVersion = 16.0.30611.23
MinimumVisualStudioVersion = 10.0.40219.1
Project("{9A19103F-16F7-4668-BE54-9A1E7A4F7556}") = "Theos.Livraria.Test", "Theos.Livraria.Test\Theos.Livraria.Test.csproj", "{6DFB7F04-BFD5-44D0-814C-9E4C8AF4AFD4}"
EndProject
Project("{9A19103F-16F7-4668-BE54-9A1E7A4F7556}") = "Theos.Livraria.Domain", "Theos.Livraria.Domain\Theos.Livraria.Domain.csproj", "{C21F0412-1198-407C-9B08-74C8FB68508C}"
EndProject
Project("{9A19103F-16F7-4668-BE54-9A1E7A4F7556}") = "Theos.Livraria.Api", "Theos.Livraria.API\Theos.Livraria.Api.csproj", "{FFD672AC-F660-4052-9731-2DB521EDD341}"
EndProject
Project("{9A19103F-16F7-4668-BE54-9A1E7A4F7556}") = "Theos.Livraria.Application", "Theos.Livraria.Application\Theos.Livraria.Application.csproj", "{836893FE-5037-4C8A-928B-CC1C9ED0217E}"
EndProject
Project("{9A19103F-16F7-4668-BE54-9A1E7A4F7556}") = "Theos.Livraria.Data", "Theos.Livraria.Data\Theos.Livraria.Data.csproj", "{4C20F8D0-E808-4652-90EF-A37CA3C7404F}"
EndProject
Global
	GlobalSection(SolutionConfigurationPlatforms) = preSolution
		Debug|Any CPU = Debug|Any CPU
		Release|Any CPU = Release|Any CPU
	EndGlobalSection
	GlobalSection(ProjectConfigurationPlatforms) = postSolution
		{6DFB7F04-BFD5-44D0-814C-9E4C8AF4AFD4}.Debug|Any CPU.ActiveCfg = Debug|Any CPU
		{6DFB7F04-BFD5-44D0-814C-9E4C8AF4AFD4}.Debug|Any CPU.Build.0 = Debug|Any CPU
		{6DFB7F04-BFD5-44D0-814C-9E4C8AF4AFD4}.Release|Any CPU.ActiveCfg = Release|Any CPU
		{6DFB7F04-BFD5-44D0-814C-9E4C8AF4AFD4}.Release|Any CPU.Build.0 = Release|Any CPU
		{C21F0412-1198-407C-9B08-74C8FB68508C}.Debug|Any CPU.ActiveCfg = Debug|Any CPU
		{C21F0412-1198-407C-9B08-74C8FB68508C}.Debug|Any CPU.Build.0 = Debug|Any CPU
		{C21F0412-1198-407C-9B08-74C8FB68508C}.Release|Any CPU.ActiveCfg = Release|Any CPU
		{C21F0412-1198-407C-9B08-74C8FB68508C}.Release|Any CPU.Build.0 = Release|Any CPU
		{FFD672AC-F660-4052-9731-2DB521EDD341}.Debug|Any CPU.ActiveCfg = Debug|Any CPU
		{FFD672AC-F660-4052-9731-2DB521EDD341}.Debug|Any CPU.Build.0 = Debug|Any CPU
		{FFD672AC-F660-4052-9731-2DB521EDD341}.Release|Any CPU.ActiveCfg = Release|Any CPU
		{FFD672AC-F660-4052-9731-2DB521EDD341}.Release|Any CPU.Build.0 = Release|Any CPU
		{836893FE-5037-4C8A-928B-CC1C9ED0217E}.Debug|Any CPU.ActiveCfg = Debug|Any CPU
		{836893FE-5037-4C8A-928B-CC1C9ED0217E}.Debug|Any CPU.Build.0 = Debug|Any CPU
		{836893FE-5037-4C8A-928B-CC1C9ED0217E}.Release|Any CPU.ActiveCfg = Release|Any CPU
		{836893FE-5037-4C8A-928B-CC1C9ED0217E}.Release|Any CPU.Build.0 = Release|Any CPU
		{4C20F8D0-E808-4652-90EF-A37CA3C7404F}.Debug|Any CPU.ActiveCfg = Debug|Any CPU
		{4C20F8D0-E808-4652-90EF-A37CA3C7404F}.Debug|Any CPU.Build.0 = Debug|Any CPU
		{4C20F8D0-E808-4652-90EF-A37CA3C7404F}.Release|Any CPU.ActiveCfg = Release|Any CPU
		{4C20F8D0-E808-4652-90EF-A37CA3C7404F}.Release|Any CPU.Build.0 = Release|Any CPU
	EndGlobalSection
	GlobalSection(SolutionProperties) = preSolution
		HideSolutionNode = FALSE
	EndGlobalSection
	GlobalSection(ExtensibilityGlobals) = postSolution
		SolutionGuid = {44990C62-BAC4-4A4F-86F6-9C020CE06AF5}
	EndGlobalSection
EndGlobal
