
Microsoft Visual Studio Solution File, Format Version 12.00
# Visual Studio Version 16
VisualStudioVersion = 16.0.31205.134
MinimumVisualStudioVersion = 10.0.40219.1
Project("{2150E333-8FDC-42A3-9474-1A3956D46DE8}") = "Infra", "Infra", "{EF78C3F2-30FC-46EB-9F20-BD81CADF97DB}"
EndProject
Project("{2150E333-8FDC-42A3-9474-1A3956D46DE8}") = "Web", "Web", "{A8510F1A-D3AB-4B20-9CF3-AB65DA40219C}"
EndProject
Project("{9A19103F-16F7-4668-BE54-9A1E7A4F7556}") = "Web.API", "Web.API\Web.API.csproj", "{3B6CF009-384C-47BB-A60B-1E95D0E4F409}"
EndProject
Project("{9A19103F-16F7-4668-BE54-9A1E7A4F7556}") = "Infra", "Infra\Infra.csproj", "{C39DCAF8-A7AB-4E38-919A-092DC5F53458}"
EndProject
Project("{2150E333-8FDC-42A3-9474-1A3956D46DE8}") = "Data", "Data", "{D8337516-3B45-4F3A-A152-E7F4F487AFA2}"
EndProject
Project("{9A19103F-16F7-4668-BE54-9A1E7A4F7556}") = "Data", "Data\Data.csproj", "{C907458D-4524-4A82-9CDB-798C1E3898DF}"
EndProject
Project("{2150E333-8FDC-42A3-9474-1A3956D46DE8}") = "Domain", "Domain", "{1BE6FB48-33F0-4174-8C6A-0A7568438E46}"
EndProject
Project("{9A19103F-16F7-4668-BE54-9A1E7A4F7556}") = "Domain", "Domain\Domain.csproj", "{374D5D4F-69F9-403C-B02C-8C2A69BA322C}"
EndProject
Project("{2150E333-8FDC-42A3-9474-1A3956D46DE8}") = "Service", "Service", "{A15A8C7F-FF05-4995-802F-E95687A0AF45}"
EndProject
Project("{9A19103F-16F7-4668-BE54-9A1E7A4F7556}") = "Service", "Service\Service.csproj", "{559AF44E-6B0B-4914-BD32-8478E215CEA8}"
EndProject
Project("{9A19103F-16F7-4668-BE54-9A1E7A4F7556}") = "LoggerService", "LoggerService\LoggerService.csproj", "{69D13334-6103-4ADF-BE43-71AB09FD86D0}"
EndProject
Global
	GlobalSection(SolutionConfigurationPlatforms) = preSolution
		Debug|Any CPU = Debug|Any CPU
		Release|Any CPU = Release|Any CPU
	EndGlobalSection
	GlobalSection(ProjectConfigurationPlatforms) = postSolution
		{3B6CF009-384C-47BB-A60B-1E95D0E4F409}.Debug|Any CPU.ActiveCfg = Debug|Any CPU
		{3B6CF009-384C-47BB-A60B-1E95D0E4F409}.Debug|Any CPU.Build.0 = Debug|Any CPU
		{3B6CF009-384C-47BB-A60B-1E95D0E4F409}.Release|Any CPU.ActiveCfg = Release|Any CPU
		{3B6CF009-384C-47BB-A60B-1E95D0E4F409}.Release|Any CPU.Build.0 = Release|Any CPU
		{C39DCAF8-A7AB-4E38-919A-092DC5F53458}.Debug|Any CPU.ActiveCfg = Debug|Any CPU
		{C39DCAF8-A7AB-4E38-919A-092DC5F53458}.Debug|Any CPU.Build.0 = Debug|Any CPU
		{C39DCAF8-A7AB-4E38-919A-092DC5F53458}.Release|Any CPU.ActiveCfg = Release|Any CPU
		{C39DCAF8-A7AB-4E38-919A-092DC5F53458}.Release|Any CPU.Build.0 = Release|Any CPU
		{C907458D-4524-4A82-9CDB-798C1E3898DF}.Debug|Any CPU.ActiveCfg = Debug|Any CPU
		{C907458D-4524-4A82-9CDB-798C1E3898DF}.Debug|Any CPU.Build.0 = Debug|Any CPU
		{C907458D-4524-4A82-9CDB-798C1E3898DF}.Release|Any CPU.ActiveCfg = Release|Any CPU
		{C907458D-4524-4A82-9CDB-798C1E3898DF}.Release|Any CPU.Build.0 = Release|Any CPU
		{374D5D4F-69F9-403C-B02C-8C2A69BA322C}.Debug|Any CPU.ActiveCfg = Debug|Any CPU
		{374D5D4F-69F9-403C-B02C-8C2A69BA322C}.Debug|Any CPU.Build.0 = Debug|Any CPU
		{374D5D4F-69F9-403C-B02C-8C2A69BA322C}.Release|Any CPU.ActiveCfg = Release|Any CPU
		{374D5D4F-69F9-403C-B02C-8C2A69BA322C}.Release|Any CPU.Build.0 = Release|Any CPU
		{559AF44E-6B0B-4914-BD32-8478E215CEA8}.Debug|Any CPU.ActiveCfg = Debug|Any CPU
		{559AF44E-6B0B-4914-BD32-8478E215CEA8}.Debug|Any CPU.Build.0 = Debug|Any CPU
		{559AF44E-6B0B-4914-BD32-8478E215CEA8}.Release|Any CPU.ActiveCfg = Release|Any CPU
		{559AF44E-6B0B-4914-BD32-8478E215CEA8}.Release|Any CPU.Build.0 = Release|Any CPU
		{69D13334-6103-4ADF-BE43-71AB09FD86D0}.Debug|Any CPU.ActiveCfg = Debug|Any CPU
		{69D13334-6103-4ADF-BE43-71AB09FD86D0}.Debug|Any CPU.Build.0 = Debug|Any CPU
		{69D13334-6103-4ADF-BE43-71AB09FD86D0}.Release|Any CPU.ActiveCfg = Release|Any CPU
		{69D13334-6103-4ADF-BE43-71AB09FD86D0}.Release|Any CPU.Build.0 = Release|Any CPU
	EndGlobalSection
	GlobalSection(SolutionProperties) = preSolution
		HideSolutionNode = FALSE
	EndGlobalSection
	GlobalSection(NestedProjects) = preSolution
		{3B6CF009-384C-47BB-A60B-1E95D0E4F409} = {A8510F1A-D3AB-4B20-9CF3-AB65DA40219C}
		{C39DCAF8-A7AB-4E38-919A-092DC5F53458} = {EF78C3F2-30FC-46EB-9F20-BD81CADF97DB}
		{C907458D-4524-4A82-9CDB-798C1E3898DF} = {D8337516-3B45-4F3A-A152-E7F4F487AFA2}
		{374D5D4F-69F9-403C-B02C-8C2A69BA322C} = {1BE6FB48-33F0-4174-8C6A-0A7568438E46}
		{559AF44E-6B0B-4914-BD32-8478E215CEA8} = {A15A8C7F-FF05-4995-802F-E95687A0AF45}
		{69D13334-6103-4ADF-BE43-71AB09FD86D0} = {A15A8C7F-FF05-4995-802F-E95687A0AF45}
	EndGlobalSection
	GlobalSection(ExtensibilityGlobals) = postSolution
		SolutionGuid = {60EE8013-6AA4-480B-92DF-01E577E914C3}
	EndGlobalSection
EndGlobal
