
Microsoft Visual Studio Solution File, Format Version 12.00
# Visual Studio 15
VisualStudioVersion = 15.0.27703.2026
MinimumVisualStudioVersion = 10.0.40219.1
Project("{FAE04EC0-301F-11D3-BF4B-00C04F79EFBC}") = "Sistema", "Sistema\Sistema.csproj", "{6258AB70-D9A6-4AEE-BA07-9858231A586E}"
EndProject
Global
	GlobalSection(SolutionConfigurationPlatforms) = preSolution
		Debug|Any CPU = Debug|Any CPU
		Release|Any CPU = Release|Any CPU
	EndGlobalSection
	GlobalSection(ProjectConfigurationPlatforms) = postSolution
		{6258AB70-D9A6-4AEE-BA07-9858231A586E}.Debug|Any CPU.ActiveCfg = Debug|Any CPU
		{6258AB70-D9A6-4AEE-BA07-9858231A586E}.Debug|Any CPU.Build.0 = Debug|Any CPU
		{6258AB70-D9A6-4AEE-BA07-9858231A586E}.Release|Any CPU.ActiveCfg = Release|Any CPU
		{6258AB70-D9A6-4AEE-BA07-9858231A586E}.Release|Any CPU.Build.0 = Release|Any CPU
	EndGlobalSection
	GlobalSection(SolutionProperties) = preSolution
		HideSolutionNode = FALSE
	EndGlobalSection
	GlobalSection(ExtensibilityGlobals) = postSolution
		SolutionGuid = {A9734742-09FF-412D-A1C4-91D1E939E457}
	EndGlobalSection
EndGlobal
