
Microsoft Visual Studio Solution File, Format Version 12.00
# Visual Studio Version 16
VisualStudioVersion = 16.0.30804.86
MinimumVisualStudioVersion = 10.0.40219.1
Project("{FAE04EC0-301F-11D3-BF4B-00C04F79EFBC}") = "MaiaraBookstore", "MaiaraBookstore.csproj", "{60BF05D6-6266-4517-95EC-9F08C0305D08}"
EndProject
Global
	GlobalSection(SolutionConfigurationPlatforms) = preSolution
		Debug|Any CPU = Debug|Any CPU
		Release|Any CPU = Release|Any CPU
	EndGlobalSection
	GlobalSection(ProjectConfigurationPlatforms) = postSolution
		{60BF05D6-6266-4517-95EC-9F08C0305D08}.Debug|Any CPU.ActiveCfg = Debug|Any CPU
		{60BF05D6-6266-4517-95EC-9F08C0305D08}.Debug|Any CPU.Build.0 = Debug|Any CPU
		{60BF05D6-6266-4517-95EC-9F08C0305D08}.Release|Any CPU.ActiveCfg = Release|Any CPU
		{60BF05D6-6266-4517-95EC-9F08C0305D08}.Release|Any CPU.Build.0 = Release|Any CPU
	EndGlobalSection
	GlobalSection(SolutionProperties) = preSolution
		HideSolutionNode = FALSE
	EndGlobalSection
	GlobalSection(ExtensibilityGlobals) = postSolution
		SolutionGuid = {2197219B-0A55-4BCA-B7E8-AC1A184C27AD}
	EndGlobalSection
EndGlobal
