
Microsoft Visual Studio Solution File, Format Version 12.00
# Visual Studio Version 16
VisualStudioVersion = 16.0.30114.105
MinimumVisualStudioVersion = 10.0.40219.1
Project("{FAE04EC0-301F-11D3-BF4B-00C04F79EFBC}") = "Domain", "Api.Domain\Domain.csproj", "{AB06E842-FCC6-40E9-A827-23A5B5FC9868}"
EndProject
Project("{FAE04EC0-301F-11D3-BF4B-00C04F79EFBC}") = "application", "Api.Application\application.csproj", "{F3AFB308-D59E-463F-9B80-602E6F9CF69A}"
EndProject
Project("{FAE04EC0-301F-11D3-BF4B-00C04F79EFBC}") = "CrossCutting", "Api.CrossCutting\CrossCutting.csproj", "{FADB9546-DB17-42FC-B592-C9488009A968}"
EndProject
Project("{FAE04EC0-301F-11D3-BF4B-00C04F79EFBC}") = "Data", "Api.Data\Data.csproj", "{4AC310D5-0935-46DA-8D5B-D1BC03E97D21}"
EndProject
Project("{FAE04EC0-301F-11D3-BF4B-00C04F79EFBC}") = "Service", "Api.Service\Service.csproj", "{8F522750-1198-48B6-A117-06B6E4C4FE9D}"
EndProject
Global
	GlobalSection(SolutionConfigurationPlatforms) = preSolution
		Debug|Any CPU = Debug|Any CPU
		Debug|x64 = Debug|x64
		Debug|x86 = Debug|x86
		Release|Any CPU = Release|Any CPU
		Release|x64 = Release|x64
		Release|x86 = Release|x86
	EndGlobalSection
	GlobalSection(SolutionProperties) = preSolution
		HideSolutionNode = FALSE
	EndGlobalSection
	GlobalSection(ProjectConfigurationPlatforms) = postSolution
		{AB06E842-FCC6-40E9-A827-23A5B5FC9868}.Debug|Any CPU.ActiveCfg = Debug|Any CPU
		{AB06E842-FCC6-40E9-A827-23A5B5FC9868}.Debug|Any CPU.Build.0 = Debug|Any CPU
		{AB06E842-FCC6-40E9-A827-23A5B5FC9868}.Debug|x64.ActiveCfg = Debug|Any CPU
		{AB06E842-FCC6-40E9-A827-23A5B5FC9868}.Debug|x64.Build.0 = Debug|Any CPU
		{AB06E842-FCC6-40E9-A827-23A5B5FC9868}.Debug|x86.ActiveCfg = Debug|Any CPU
		{AB06E842-FCC6-40E9-A827-23A5B5FC9868}.Debug|x86.Build.0 = Debug|Any CPU
		{AB06E842-FCC6-40E9-A827-23A5B5FC9868}.Release|Any CPU.ActiveCfg = Release|Any CPU
		{AB06E842-FCC6-40E9-A827-23A5B5FC9868}.Release|Any CPU.Build.0 = Release|Any CPU
		{AB06E842-FCC6-40E9-A827-23A5B5FC9868}.Release|x64.ActiveCfg = Release|Any CPU
		{AB06E842-FCC6-40E9-A827-23A5B5FC9868}.Release|x64.Build.0 = Release|Any CPU
		{AB06E842-FCC6-40E9-A827-23A5B5FC9868}.Release|x86.ActiveCfg = Release|Any CPU
		{AB06E842-FCC6-40E9-A827-23A5B5FC9868}.Release|x86.Build.0 = Release|Any CPU
		{F3AFB308-D59E-463F-9B80-602E6F9CF69A}.Debug|Any CPU.ActiveCfg = Debug|Any CPU
		{F3AFB308-D59E-463F-9B80-602E6F9CF69A}.Debug|Any CPU.Build.0 = Debug|Any CPU
		{F3AFB308-D59E-463F-9B80-602E6F9CF69A}.Debug|x64.ActiveCfg = Debug|Any CPU
		{F3AFB308-D59E-463F-9B80-602E6F9CF69A}.Debug|x64.Build.0 = Debug|Any CPU
		{F3AFB308-D59E-463F-9B80-602E6F9CF69A}.Debug|x86.ActiveCfg = Debug|Any CPU
		{F3AFB308-D59E-463F-9B80-602E6F9CF69A}.Debug|x86.Build.0 = Debug|Any CPU
		{F3AFB308-D59E-463F-9B80-602E6F9CF69A}.Release|Any CPU.ActiveCfg = Release|Any CPU
		{F3AFB308-D59E-463F-9B80-602E6F9CF69A}.Release|Any CPU.Build.0 = Release|Any CPU
		{F3AFB308-D59E-463F-9B80-602E6F9CF69A}.Release|x64.ActiveCfg = Release|Any CPU
		{F3AFB308-D59E-463F-9B80-602E6F9CF69A}.Release|x64.Build.0 = Release|Any CPU
		{F3AFB308-D59E-463F-9B80-602E6F9CF69A}.Release|x86.ActiveCfg = Release|Any CPU
		{F3AFB308-D59E-463F-9B80-602E6F9CF69A}.Release|x86.Build.0 = Release|Any CPU
		{FADB9546-DB17-42FC-B592-C9488009A968}.Debug|Any CPU.ActiveCfg = Debug|Any CPU
		{FADB9546-DB17-42FC-B592-C9488009A968}.Debug|Any CPU.Build.0 = Debug|Any CPU
		{FADB9546-DB17-42FC-B592-C9488009A968}.Debug|x64.ActiveCfg = Debug|Any CPU
		{FADB9546-DB17-42FC-B592-C9488009A968}.Debug|x64.Build.0 = Debug|Any CPU
		{FADB9546-DB17-42FC-B592-C9488009A968}.Debug|x86.ActiveCfg = Debug|Any CPU
		{FADB9546-DB17-42FC-B592-C9488009A968}.Debug|x86.Build.0 = Debug|Any CPU
		{FADB9546-DB17-42FC-B592-C9488009A968}.Release|Any CPU.ActiveCfg = Release|Any CPU
		{FADB9546-DB17-42FC-B592-C9488009A968}.Release|Any CPU.Build.0 = Release|Any CPU
		{FADB9546-DB17-42FC-B592-C9488009A968}.Release|x64.ActiveCfg = Release|Any CPU
		{FADB9546-DB17-42FC-B592-C9488009A968}.Release|x64.Build.0 = Release|Any CPU
		{FADB9546-DB17-42FC-B592-C9488009A968}.Release|x86.ActiveCfg = Release|Any CPU
		{FADB9546-DB17-42FC-B592-C9488009A968}.Release|x86.Build.0 = Release|Any CPU
		{4AC310D5-0935-46DA-8D5B-D1BC03E97D21}.Debug|Any CPU.ActiveCfg = Debug|Any CPU
		{4AC310D5-0935-46DA-8D5B-D1BC03E97D21}.Debug|Any CPU.Build.0 = Debug|Any CPU
		{4AC310D5-0935-46DA-8D5B-D1BC03E97D21}.Debug|x64.ActiveCfg = Debug|Any CPU
		{4AC310D5-0935-46DA-8D5B-D1BC03E97D21}.Debug|x64.Build.0 = Debug|Any CPU
		{4AC310D5-0935-46DA-8D5B-D1BC03E97D21}.Debug|x86.ActiveCfg = Debug|Any CPU
		{4AC310D5-0935-46DA-8D5B-D1BC03E97D21}.Debug|x86.Build.0 = Debug|Any CPU
		{4AC310D5-0935-46DA-8D5B-D1BC03E97D21}.Release|Any CPU.ActiveCfg = Release|Any CPU
		{4AC310D5-0935-46DA-8D5B-D1BC03E97D21}.Release|Any CPU.Build.0 = Release|Any CPU
		{4AC310D5-0935-46DA-8D5B-D1BC03E97D21}.Release|x64.ActiveCfg = Release|Any CPU
		{4AC310D5-0935-46DA-8D5B-D1BC03E97D21}.Release|x64.Build.0 = Release|Any CPU
		{4AC310D5-0935-46DA-8D5B-D1BC03E97D21}.Release|x86.ActiveCfg = Release|Any CPU
		{4AC310D5-0935-46DA-8D5B-D1BC03E97D21}.Release|x86.Build.0 = Release|Any CPU
		{8F522750-1198-48B6-A117-06B6E4C4FE9D}.Debug|Any CPU.ActiveCfg = Debug|Any CPU
		{8F522750-1198-48B6-A117-06B6E4C4FE9D}.Debug|Any CPU.Build.0 = Debug|Any CPU
		{8F522750-1198-48B6-A117-06B6E4C4FE9D}.Debug|x64.ActiveCfg = Debug|Any CPU
		{8F522750-1198-48B6-A117-06B6E4C4FE9D}.Debug|x64.Build.0 = Debug|Any CPU
		{8F522750-1198-48B6-A117-06B6E4C4FE9D}.Debug|x86.ActiveCfg = Debug|Any CPU
		{8F522750-1198-48B6-A117-06B6E4C4FE9D}.Debug|x86.Build.0 = Debug|Any CPU
		{8F522750-1198-48B6-A117-06B6E4C4FE9D}.Release|Any CPU.ActiveCfg = Release|Any CPU
		{8F522750-1198-48B6-A117-06B6E4C4FE9D}.Release|Any CPU.Build.0 = Release|Any CPU
		{8F522750-1198-48B6-A117-06B6E4C4FE9D}.Release|x64.ActiveCfg = Release|Any CPU
		{8F522750-1198-48B6-A117-06B6E4C4FE9D}.Release|x64.Build.0 = Release|Any CPU
		{8F522750-1198-48B6-A117-06B6E4C4FE9D}.Release|x86.ActiveCfg = Release|Any CPU
		{8F522750-1198-48B6-A117-06B6E4C4FE9D}.Release|x86.Build.0 = Release|Any CPU
	EndGlobalSection
EndGlobal
