
Microsoft Visual Studio Solution File, Format Version 12.00
# Visual Studio 15
VisualStudioVersion = 15.0.27703.2047
MinimumVisualStudioVersion = 10.0.40219.1
Project("{FAE04EC0-301F-11D3-BF4B-00C04F79EFBC}") = "Livraria", "Livraria\Livraria.csproj", "{64D05D01-A8BB-425B-B4C5-3F38761B6939}"
EndProject
Global
	GlobalSection(SolutionConfigurationPlatforms) = preSolution
		Debug|Any CPU = Debug|Any CPU
		Release|Any CPU = Release|Any CPU
	EndGlobalSection
	GlobalSection(ProjectConfigurationPlatforms) = postSolution
		{64D05D01-A8BB-425B-B4C5-3F38761B6939}.Debug|Any CPU.ActiveCfg = Debug|Any CPU
		{64D05D01-A8BB-425B-B4C5-3F38761B6939}.Debug|Any CPU.Build.0 = Debug|Any CPU
		{64D05D01-A8BB-425B-B4C5-3F38761B6939}.Release|Any CPU.ActiveCfg = Release|Any CPU
		{64D05D01-A8BB-425B-B4C5-3F38761B6939}.Release|Any CPU.Build.0 = Release|Any CPU
	EndGlobalSection
	GlobalSection(SolutionProperties) = preSolution
		HideSolutionNode = FALSE
	EndGlobalSection
	GlobalSection(ExtensibilityGlobals) = postSolution
		SolutionGuid = {49C970E7-D8E1-41BF-A645-32A59B4FA7F5}
	EndGlobalSection
EndGlobal
