
Microsoft Visual Studio Solution File, Format Version 12.00
# Visual Studio 15
VisualStudioVersion = 15.0.28010.0
MinimumVisualStudioVersion = 10.0.40219.1
Project("{2150E333-8FDC-42A3-9474-1A3956D46DE8}") = "00 - Presentation", "00 - Presentation", "{668A45FD-6628-4888-B287-EDD21B522E65}"
EndProject
Project("{2150E333-8FDC-42A3-9474-1A3956D46DE8}") = "01 - Application", "01 - Application", "{5E3DEAD6-1FD2-471E-8FC5-22BF02792A37}"
EndProject
Project("{2150E333-8FDC-42A3-9474-1A3956D46DE8}") = "02 - Domain", "02 - Domain", "{703BF4ED-88FF-4C07-8608-CED6F0ADC673}"
EndProject
Project("{2150E333-8FDC-42A3-9474-1A3956D46DE8}") = "03 - Infra", "03 - Infra", "{39B4CE1B-6981-46EA-BE1B-7706A8C45760}"
EndProject
Project("{2150E333-8FDC-42A3-9474-1A3956D46DE8}") = "04 - CrossCutting", "04 - CrossCutting", "{8FC8F5CF-4247-4CE6-A7D9-AC2AB2211A60}"
EndProject
Project("{9A19103F-16F7-4668-BE54-9A1E7A4F7556}") = "Livraria.Domain", "Livraria.Domain\Livraria.Domain.csproj", "{C8A737AF-DA56-4FB2-8B61-3C51FA44FCB9}"
EndProject
Project("{9A19103F-16F7-4668-BE54-9A1E7A4F7556}") = "Livraria.Command", "Livraria.Command\Livraria.Command.csproj", "{35A6C0BD-CDC5-48B2-B095-97050D98D828}"
EndProject
Project("{9A19103F-16F7-4668-BE54-9A1E7A4F7556}") = "Livraria.Service", "Livraria.Service\Livraria.Service.csproj", "{91892914-224D-40FF-829E-7E919020E6B8}"
EndProject
Project("{9A19103F-16F7-4668-BE54-9A1E7A4F7556}") = "Livraria.Data.EFCore", "Livraria.Data.EFCore\Livraria.Data.EFCore.csproj", "{6F1559BD-48F8-400A-86A8-980A01E3E4AE}"
EndProject
Project("{9A19103F-16F7-4668-BE54-9A1E7A4F7556}") = "Livraria.Data.Dapper", "Livraria.Data.Dapper\Livraria.Data.Dapper.csproj", "{F6BB1DC8-BA79-442C-A560-A0ED5B3EDAAD}"
EndProject
Project("{9A19103F-16F7-4668-BE54-9A1E7A4F7556}") = "Livraria.Site", "Livraria.Site\Livraria.Site.csproj", "{D2D6B236-8EA6-419B-96BA-47D98F48EC21}"
EndProject
Project("{9A19103F-16F7-4668-BE54-9A1E7A4F7556}") = "Livraria.IoC", "Livraria.IoC\Livraria.IoC.csproj", "{FD5F7866-C28D-4C53-B075-95DE48FFA663}"
EndProject
Project("{9A19103F-16F7-4668-BE54-9A1E7A4F7556}") = "Livraria.Utils", "Livraria.Utils\Livraria.Utils.csproj", "{2BCC9405-02E5-475E-B483-C2C0421D5AAB}"
EndProject
Project("{9A19103F-16F7-4668-BE54-9A1E7A4F7556}") = "Livraria.Command.Test", "Livraria.Command.Test\Livraria.Command.Test.csproj", "{7C25B118-566D-4D95-95DA-E156A0412669}"
EndProject
Project("{FAE04EC0-301F-11D3-BF4B-00C04F79EFBC}") = "Livraria.Service.Test", "Livraria.Service.Test\Livraria.Service.Test.csproj", "{629F0677-E5D6-4BC0-805D-7A23985AC35D}"
EndProject
Global
	GlobalSection(SolutionConfigurationPlatforms) = preSolution
		Debug|Any CPU = Debug|Any CPU
		Release|Any CPU = Release|Any CPU
	EndGlobalSection
	GlobalSection(ProjectConfigurationPlatforms) = postSolution
		{C8A737AF-DA56-4FB2-8B61-3C51FA44FCB9}.Debug|Any CPU.ActiveCfg = Debug|Any CPU
		{C8A737AF-DA56-4FB2-8B61-3C51FA44FCB9}.Debug|Any CPU.Build.0 = Debug|Any CPU
		{C8A737AF-DA56-4FB2-8B61-3C51FA44FCB9}.Release|Any CPU.ActiveCfg = Release|Any CPU
		{C8A737AF-DA56-4FB2-8B61-3C51FA44FCB9}.Release|Any CPU.Build.0 = Release|Any CPU
		{35A6C0BD-CDC5-48B2-B095-97050D98D828}.Debug|Any CPU.ActiveCfg = Debug|Any CPU
		{35A6C0BD-CDC5-48B2-B095-97050D98D828}.Debug|Any CPU.Build.0 = Debug|Any CPU
		{35A6C0BD-CDC5-48B2-B095-97050D98D828}.Release|Any CPU.ActiveCfg = Release|Any CPU
		{35A6C0BD-CDC5-48B2-B095-97050D98D828}.Release|Any CPU.Build.0 = Release|Any CPU
		{91892914-224D-40FF-829E-7E919020E6B8}.Debug|Any CPU.ActiveCfg = Debug|Any CPU
		{91892914-224D-40FF-829E-7E919020E6B8}.Debug|Any CPU.Build.0 = Debug|Any CPU
		{91892914-224D-40FF-829E-7E919020E6B8}.Release|Any CPU.ActiveCfg = Release|Any CPU
		{91892914-224D-40FF-829E-7E919020E6B8}.Release|Any CPU.Build.0 = Release|Any CPU
		{6F1559BD-48F8-400A-86A8-980A01E3E4AE}.Debug|Any CPU.ActiveCfg = Debug|Any CPU
		{6F1559BD-48F8-400A-86A8-980A01E3E4AE}.Debug|Any CPU.Build.0 = Debug|Any CPU
		{6F1559BD-48F8-400A-86A8-980A01E3E4AE}.Release|Any CPU.ActiveCfg = Release|Any CPU
		{6F1559BD-48F8-400A-86A8-980A01E3E4AE}.Release|Any CPU.Build.0 = Release|Any CPU
		{F6BB1DC8-BA79-442C-A560-A0ED5B3EDAAD}.Debug|Any CPU.ActiveCfg = Debug|Any CPU
		{F6BB1DC8-BA79-442C-A560-A0ED5B3EDAAD}.Debug|Any CPU.Build.0 = Debug|Any CPU
		{F6BB1DC8-BA79-442C-A560-A0ED5B3EDAAD}.Release|Any CPU.ActiveCfg = Release|Any CPU
		{F6BB1DC8-BA79-442C-A560-A0ED5B3EDAAD}.Release|Any CPU.Build.0 = Release|Any CPU
		{D2D6B236-8EA6-419B-96BA-47D98F48EC21}.Debug|Any CPU.ActiveCfg = Debug|Any CPU
		{D2D6B236-8EA6-419B-96BA-47D98F48EC21}.Debug|Any CPU.Build.0 = Debug|Any CPU
		{D2D6B236-8EA6-419B-96BA-47D98F48EC21}.Release|Any CPU.ActiveCfg = Release|Any CPU
		{D2D6B236-8EA6-419B-96BA-47D98F48EC21}.Release|Any CPU.Build.0 = Release|Any CPU
		{FD5F7866-C28D-4C53-B075-95DE48FFA663}.Debug|Any CPU.ActiveCfg = Debug|Any CPU
		{FD5F7866-C28D-4C53-B075-95DE48FFA663}.Debug|Any CPU.Build.0 = Debug|Any CPU
		{FD5F7866-C28D-4C53-B075-95DE48FFA663}.Release|Any CPU.ActiveCfg = Release|Any CPU
		{FD5F7866-C28D-4C53-B075-95DE48FFA663}.Release|Any CPU.Build.0 = Release|Any CPU
		{2BCC9405-02E5-475E-B483-C2C0421D5AAB}.Debug|Any CPU.ActiveCfg = Debug|Any CPU
		{2BCC9405-02E5-475E-B483-C2C0421D5AAB}.Debug|Any CPU.Build.0 = Debug|Any CPU
		{2BCC9405-02E5-475E-B483-C2C0421D5AAB}.Release|Any CPU.ActiveCfg = Release|Any CPU
		{2BCC9405-02E5-475E-B483-C2C0421D5AAB}.Release|Any CPU.Build.0 = Release|Any CPU
		{7C25B118-566D-4D95-95DA-E156A0412669}.Debug|Any CPU.ActiveCfg = Debug|Any CPU
		{7C25B118-566D-4D95-95DA-E156A0412669}.Debug|Any CPU.Build.0 = Debug|Any CPU
		{7C25B118-566D-4D95-95DA-E156A0412669}.Release|Any CPU.ActiveCfg = Release|Any CPU
		{7C25B118-566D-4D95-95DA-E156A0412669}.Release|Any CPU.Build.0 = Release|Any CPU
		{629F0677-E5D6-4BC0-805D-7A23985AC35D}.Debug|Any CPU.ActiveCfg = Debug|Any CPU
		{629F0677-E5D6-4BC0-805D-7A23985AC35D}.Debug|Any CPU.Build.0 = Debug|Any CPU
		{629F0677-E5D6-4BC0-805D-7A23985AC35D}.Release|Any CPU.ActiveCfg = Release|Any CPU
		{629F0677-E5D6-4BC0-805D-7A23985AC35D}.Release|Any CPU.Build.0 = Release|Any CPU
	EndGlobalSection
	GlobalSection(SolutionProperties) = preSolution
		HideSolutionNode = FALSE
	EndGlobalSection
	GlobalSection(NestedProjects) = preSolution
		{C8A737AF-DA56-4FB2-8B61-3C51FA44FCB9} = {703BF4ED-88FF-4C07-8608-CED6F0ADC673}
		{35A6C0BD-CDC5-48B2-B095-97050D98D828} = {5E3DEAD6-1FD2-471E-8FC5-22BF02792A37}
		{91892914-224D-40FF-829E-7E919020E6B8} = {5E3DEAD6-1FD2-471E-8FC5-22BF02792A37}
		{6F1559BD-48F8-400A-86A8-980A01E3E4AE} = {39B4CE1B-6981-46EA-BE1B-7706A8C45760}
		{F6BB1DC8-BA79-442C-A560-A0ED5B3EDAAD} = {39B4CE1B-6981-46EA-BE1B-7706A8C45760}
		{D2D6B236-8EA6-419B-96BA-47D98F48EC21} = {668A45FD-6628-4888-B287-EDD21B522E65}
		{FD5F7866-C28D-4C53-B075-95DE48FFA663} = {8FC8F5CF-4247-4CE6-A7D9-AC2AB2211A60}
		{2BCC9405-02E5-475E-B483-C2C0421D5AAB} = {8FC8F5CF-4247-4CE6-A7D9-AC2AB2211A60}
		{7C25B118-566D-4D95-95DA-E156A0412669} = {5E3DEAD6-1FD2-471E-8FC5-22BF02792A37}
		{629F0677-E5D6-4BC0-805D-7A23985AC35D} = {5E3DEAD6-1FD2-471E-8FC5-22BF02792A37}
	EndGlobalSection
	GlobalSection(ExtensibilityGlobals) = postSolution
		SolutionGuid = {7139588C-5043-4927-B96F-10BD2B9DD395}
	EndGlobalSection
EndGlobal
